// !$*UTF8*$!
{
	archiveVersion = 1;
	classes = {
	};
	objectVersion = 52;
	objects = {

/* Begin PBXBuildFile section */
		03092293265486CD00B8F34F /* InfoRow.swift in Sources */ = {isa = PBXBuildFile; fileRef = 03092292265486CD00B8F34F /* InfoRow.swift */; };
		0309229726548F9F00B8F34F /* Information.swift in Sources */ = {isa = PBXBuildFile; fileRef = 0309229626548F9F00B8F34F /* Information.swift */; };
		0309229C2655387100B8F34F /* InfoData.swift in Sources */ = {isa = PBXBuildFile; fileRef = 0309229B2655387100B8F34F /* InfoData.swift */; };
		030922A2265539D500B8F34F /* InformationViewModel.swift in Sources */ = {isa = PBXBuildFile; fileRef = 030922A1265539D500B8F34F /* InformationViewModel.swift */; };
		030922B12655742200B8F34F /* Fonts.swift in Sources */ = {isa = PBXBuildFile; fileRef = 03BC09992652A84F00DEC528 /* Fonts.swift */; };
		030922B22655742200B8F34F /* Image.swift in Sources */ = {isa = PBXBuildFile; fileRef = 816F1996265407FB00071F40 /* Image.swift */; };
		030922B32655742200B8F34F /* Color.swift in Sources */ = {isa = PBXBuildFile; fileRef = 03BC09972652A60300DEC528 /* Color.swift */; };
		030922B42655742600B8F34F /* OpenSans-Bold.ttf in Resources */ = {isa = PBXBuildFile; fileRef = 03BC099C2652AB0B00DEC528 /* OpenSans-Bold.ttf */; };
		030922B52655742600B8F34F /* OpenSans-SemiBold.ttf in Resources */ = {isa = PBXBuildFile; fileRef = 03BC09A02652AB1900DEC528 /* OpenSans-SemiBold.ttf */; };
		030922B62655742600B8F34F /* clarab.otf in Resources */ = {isa = PBXBuildFile; fileRef = 03BC09A22652ABA400DEC528 /* clarab.otf */; };
		030922B72655742600B8F34F /* OpenSans-Regular.ttf in Resources */ = {isa = PBXBuildFile; fileRef = 03BC099E2652AB1200DEC528 /* OpenSans-Regular.ttf */; };
		030922B82655742C00B8F34F /* SegmentControl.swift in Sources */ = {isa = PBXBuildFile; fileRef = 034FAC862653E0880096F8CF /* SegmentControl.swift */; };
		030922B92655743200B8F34F /* InfoRow.swift in Sources */ = {isa = PBXBuildFile; fileRef = 03092292265486CD00B8F34F /* InfoRow.swift */; };
		030922BA2655743400B8F34F /* InfoData.swift in Sources */ = {isa = PBXBuildFile; fileRef = 0309229B2655387100B8F34F /* InfoData.swift */; };
		030922BB2655743F00B8F34F /* InformationViewModel.swift in Sources */ = {isa = PBXBuildFile; fileRef = 030922A1265539D500B8F34F /* InformationViewModel.swift */; };
		030922BC2655744200B8F34F /* Information.swift in Sources */ = {isa = PBXBuildFile; fileRef = 0309229626548F9F00B8F34F /* Information.swift */; };
		030922BD2655759200B8F34F /* EmptyStateView.swift in Sources */ = {isa = PBXBuildFile; fileRef = 816F1994265407D400071F40 /* EmptyStateView.swift */; };
		030922BE2656903E00B8F34F /* OpenSans-SemiBold.ttf in Resources */ = {isa = PBXBuildFile; fileRef = 03BC09A02652AB1900DEC528 /* OpenSans-SemiBold.ttf */; };
		030922BF2656903E00B8F34F /* OpenSans-Bold.ttf in Resources */ = {isa = PBXBuildFile; fileRef = 03BC099C2652AB0B00DEC528 /* OpenSans-Bold.ttf */; };
		030922C02656903E00B8F34F /* clarab.otf in Resources */ = {isa = PBXBuildFile; fileRef = 03BC09A22652ABA400DEC528 /* clarab.otf */; };
		030922C12656903E00B8F34F /* OpenSans-Regular.ttf in Resources */ = {isa = PBXBuildFile; fileRef = 03BC099E2652AB1200DEC528 /* OpenSans-Regular.ttf */; };
		034FAC872653E0880096F8CF /* SegmentControl.swift in Sources */ = {isa = PBXBuildFile; fileRef = 034FAC862653E0880096F8CF /* SegmentControl.swift */; };
		036979B12656A86B00A2671E /* HomeViewModel.swift in Sources */ = {isa = PBXBuildFile; fileRef = 036979B02656A86B00A2671E /* HomeViewModel.swift */; };
		036979B22656AEE200A2671E /* Assets.xcassets in Resources */ = {isa = PBXBuildFile; fileRef = 7BB6E6FA264D5270009EA067 /* Assets.xcassets */; };
		03BC09902652A29C00DEC528 /* (null) in Resources */ = {isa = PBXBuildFile; };
		03BC09982652A60300DEC528 /* Color.swift in Sources */ = {isa = PBXBuildFile; fileRef = 03BC09972652A60300DEC528 /* Color.swift */; };
		03BC099A2652A84F00DEC528 /* Fonts.swift in Sources */ = {isa = PBXBuildFile; fileRef = 03BC09992652A84F00DEC528 /* Fonts.swift */; };
		03BC099D2652AB0B00DEC528 /* OpenSans-Bold.ttf in Resources */ = {isa = PBXBuildFile; fileRef = 03BC099C2652AB0B00DEC528 /* OpenSans-Bold.ttf */; };
		03BC099F2652AB1200DEC528 /* OpenSans-Regular.ttf in Resources */ = {isa = PBXBuildFile; fileRef = 03BC099E2652AB1200DEC528 /* OpenSans-Regular.ttf */; };
		03BC09A12652AB1900DEC528 /* OpenSans-SemiBold.ttf in Resources */ = {isa = PBXBuildFile; fileRef = 03BC09A02652AB1900DEC528 /* OpenSans-SemiBold.ttf */; };
		03BC09A32652ABA400DEC528 /* clarab.otf in Resources */ = {isa = PBXBuildFile; fileRef = 03BC09A22652ABA400DEC528 /* clarab.otf */; };
		7B2DA29B2654017700FC47F9 /* DayNow.swift in Sources */ = {isa = PBXBuildFile; fileRef = 7B2DA29A2654017700FC47F9 /* DayNow.swift */; };
		7B2DA29D265401BA00FC47F9 /* DayViewModel.swift in Sources */ = {isa = PBXBuildFile; fileRef = 7B2DA29C265401BA00FC47F9 /* DayViewModel.swift */; };
		7B3559632653E059007BE1ED /* ColorCycle.swift in Sources */ = {isa = PBXBuildFile; fileRef = 7B8142602653DEDD00D38999 /* ColorCycle.swift */; };
		7B3559642653E05C007BE1ED /* ColorCycle.swift in Sources */ = {isa = PBXBuildFile; fileRef = 7B8142602653DEDD00D38999 /* ColorCycle.swift */; };
		7B3B3BC2264D576800B860CA /* .swiftlint.yml in Resources */ = {isa = PBXBuildFile; fileRef = 7B3B3BC1264D576800B860CA /* .swiftlint.yml */; };
		7B3B3BCA264D59C500B860CA /* homeModel in Resources */ = {isa = PBXBuildFile; fileRef = 7B3B3BC9264D59C500B860CA /* homeModel */; };
		7B3B3BD4264D5A3300B860CA /* calendarModel in Resources */ = {isa = PBXBuildFile; fileRef = 7B3B3BD3264D5A3300B860CA /* calendarModel */; };
		7B3B3BE1264D5ACF00B860CA /* onboardingViewModel in Resources */ = {isa = PBXBuildFile; fileRef = 7B3B3BE0264D5ACF00B860CA /* onboardingViewModel */; };
		7B8141FD2652A44600D38999 /* Liquid in Frameworks */ = {isa = PBXBuildFile; productRef = 7B8141FC2652A44600D38999 /* Liquid */; };
		7B8142032652A4E800D38999 /* Assets.xcassets in Resources */ = {isa = PBXBuildFile; fileRef = 7B8142022652A4E800D38999 /* Assets.xcassets */; };
		7B81420A2652A4E800D38999 /* CatCycleWatch Extension.appex in Embed App Extensions */ = {isa = PBXBuildFile; fileRef = 7B8142092652A4E800D38999 /* CatCycleWatch Extension.appex */; settings = {ATTRIBUTES = (RemoveHeadersOnCopy, ); }; };
		7B81420F2652A4E800D38999 /* CatCycleApp.swift in Sources */ = {isa = PBXBuildFile; fileRef = 7B81420E2652A4E800D38999 /* CatCycleApp.swift */; };
		7B8142112652A4E800D38999 /* ContentView.swift in Sources */ = {isa = PBXBuildFile; fileRef = 7B8142102652A4E800D38999 /* ContentView.swift */; };
		7B8142132652A4E800D38999 /* NotificationController.swift in Sources */ = {isa = PBXBuildFile; fileRef = 7B8142122652A4E800D38999 /* NotificationController.swift */; };
		7B8142152652A4E800D38999 /* NotificationView.swift in Sources */ = {isa = PBXBuildFile; fileRef = 7B8142142652A4E800D38999 /* NotificationView.swift */; };
		7B8142172652A4E800D38999 /* ComplicationController.swift in Sources */ = {isa = PBXBuildFile; fileRef = 7B8142162652A4E800D38999 /* ComplicationController.swift */; };
		7B8142192652A4E800D38999 /* Assets.xcassets in Resources */ = {isa = PBXBuildFile; fileRef = 7B8142182652A4E800D38999 /* Assets.xcassets */; };
		7B81421C2652A4E800D38999 /* Preview Assets.xcassets in Resources */ = {isa = PBXBuildFile; fileRef = 7B81421B2652A4E800D38999 /* Preview Assets.xcassets */; };
		7B8142282652A4E900D38999 /* CatCycleWatchTests.swift in Sources */ = {isa = PBXBuildFile; fileRef = 7B8142272652A4E900D38999 /* CatCycleWatchTests.swift */; };
		7B8142332652A4E900D38999 /* CatCycleWatchUITests.swift in Sources */ = {isa = PBXBuildFile; fileRef = 7B8142322652A4E900D38999 /* CatCycleWatchUITests.swift */; };
		7B8142372652A4E900D38999 /* CatCycleWatch.app in Embed Watch Content */ = {isa = PBXBuildFile; fileRef = 7B8142002652A4E700D38999 /* CatCycleWatch.app */; settings = {ATTRIBUTES = (RemoveHeadersOnCopy, ); }; };
		7B8142522652AE1800D38999 /* HomeView.swift in Sources */ = {isa = PBXBuildFile; fileRef = 7B8142512652AE1800D38999 /* HomeView.swift */; };
		7B8142542652B08100D38999 /* PeriodView.swift in Sources */ = {isa = PBXBuildFile; fileRef = 7B8142532652B08100D38999 /* PeriodView.swift */; };
		7B8142562652B18700D38999 /* PeriodViewModel.swift in Sources */ = {isa = PBXBuildFile; fileRef = 7B8142552652B18700D38999 /* PeriodViewModel.swift */; };
		7B81425C2653DE3C00D38999 /* Liquid in Frameworks */ = {isa = PBXBuildFile; productRef = 7B81425B2653DE3C00D38999 /* Liquid */; };
		7B81425F2653DEC100D38999 /* CycleView.swift in Sources */ = {isa = PBXBuildFile; fileRef = 7B81425E2653DEC100D38999 /* CycleView.swift */; };
		7B8142622653DF2200D38999 /* CycleView.swift in Sources */ = {isa = PBXBuildFile; fileRef = 7B81425E2653DEC100D38999 /* CycleView.swift */; };
		7BB6E6F7264D526F009EA067 /* CatCycleApp.swift in Sources */ = {isa = PBXBuildFile; fileRef = 7BB6E6F6264D526F009EA067 /* CatCycleApp.swift */; };
		7BB6E6F9264D526F009EA067 /* ContentView.swift in Sources */ = {isa = PBXBuildFile; fileRef = 7BB6E6F8264D526F009EA067 /* ContentView.swift */; };
		7BB6E6FB264D5270009EA067 /* Assets.xcassets in Resources */ = {isa = PBXBuildFile; fileRef = 7BB6E6FA264D5270009EA067 /* Assets.xcassets */; };
		7BB6E6FE264D5270009EA067 /* Preview Assets.xcassets in Resources */ = {isa = PBXBuildFile; fileRef = 7BB6E6FD264D5270009EA067 /* Preview Assets.xcassets */; };
		7BB6E700264D5270009EA067 /* Persistence.swift in Sources */ = {isa = PBXBuildFile; fileRef = 7BB6E6FF264D5270009EA067 /* Persistence.swift */; };
		7BB6E703264D5270009EA067 /* CatCycle.xcdatamodeld in Sources */ = {isa = PBXBuildFile; fileRef = 7BB6E701264D5270009EA067 /* CatCycle.xcdatamodeld */; };
		7BB6E70E264D5271009EA067 /* CatCycleTests.swift in Sources */ = {isa = PBXBuildFile; fileRef = 7BB6E70D264D5271009EA067 /* CatCycleTests.swift */; };
		7BB6E719264D5271009EA067 /* CatCycleUITests.swift in Sources */ = {isa = PBXBuildFile; fileRef = 7BB6E718264D5271009EA067 /* CatCycleUITests.swift */; };
		7BEFF2A92656AEF3001D6A56 /* FrameSets.swift in Sources */ = {isa = PBXBuildFile; fileRef = 7BEFF2A82656AEF3001D6A56 /* FrameSets.swift */; };
		7BEFF2AA2656AEF3001D6A56 /* FrameSets.swift in Sources */ = {isa = PBXBuildFile; fileRef = 7BEFF2A82656AEF3001D6A56 /* FrameSets.swift */; };
		816F1995265407D400071F40 /* EmptyStateView.swift in Sources */ = {isa = PBXBuildFile; fileRef = 816F1994265407D400071F40 /* EmptyStateView.swift */; };
		816F1997265407FB00071F40 /* Image.swift in Sources */ = {isa = PBXBuildFile; fileRef = 816F1996265407FB00071F40 /* Image.swift */; };
		81897E872655358500DCE0C1 /* AddButton.swift in Sources */ = {isa = PBXBuildFile; fileRef = 81897E862655358500DCE0C1 /* AddButton.swift */; };
		81897E89265559D700DCE0C1 /* OnboardingView.swift in Sources */ = {isa = PBXBuildFile; fileRef = 81897E88265559D700DCE0C1 /* OnboardingView.swift */; };
		81897E8B265564AF00DCE0C1 /* PageViewController.swift in Sources */ = {isa = PBXBuildFile; fileRef = 81897E8A265564AF00DCE0C1 /* PageViewController.swift */; };
		81AD5FD326569A55006930EF /* NameView.swift in Sources */ = {isa = PBXBuildFile; fileRef = 81AD5FD226569A55006930EF /* NameView.swift */; };
		81AD5FD526569A96006930EF /* LengthPeriodView.swift in Sources */ = {isa = PBXBuildFile; fileRef = 81AD5FD426569A96006930EF /* LengthPeriodView.swift */; };
		81AD5FD726569AC9006930EF /* StartPeriodView.swift in Sources */ = {isa = PBXBuildFile; fileRef = 81AD5FD626569AC9006930EF /* StartPeriodView.swift */; };
		81AD5FD926569AE2006930EF /* OnboardingData.swift in Sources */ = {isa = PBXBuildFile; fileRef = 81AD5FD826569AE2006930EF /* OnboardingData.swift */; };
		81AD5FDB2656AD33006930EF /* CCTextField.swift in Sources */ = {isa = PBXBuildFile; fileRef = 81AD5FDA2656AD33006930EF /* CCTextField.swift */; };
		81AD5FDE2657E53B006930EF /* AppRouter.swift in Sources */ = {isa = PBXBuildFile; fileRef = 81AD5FDD2657E53B006930EF /* AppRouter.swift */; };
		81AD5FE42657FD37006930EF /* TrackingView.swift in Sources */ = {isa = PBXBuildFile; fileRef = 81AD5FE32657FD37006930EF /* TrackingView.swift */; };
		81AD5FE62657FD94006930EF /* CollectionTrackingView.swift in Sources */ = {isa = PBXBuildFile; fileRef = 81AD5FE52657FD94006930EF /* CollectionTrackingView.swift */; };
		81AD5FEB265BD305006930EF /* SelectionButtonStyle.swift in Sources */ = {isa = PBXBuildFile; fileRef = 81AD5FEA265BD305006930EF /* SelectionButtonStyle.swift */; };
		81AD5FED265BD618006930EF /* TrakingCell.swift in Sources */ = {isa = PBXBuildFile; fileRef = 81AD5FEC265BD618006930EF /* TrakingCell.swift */; };
		8813E7DA2653E438000BEF16 /* CalendarView.swift in Sources */ = {isa = PBXBuildFile; fileRef = 8813E7D92653E438000BEF16 /* CalendarView.swift */; };
		8813E7DD2653FCF7000BEF16 /* CalendarViewModel.swift in Sources */ = {isa = PBXBuildFile; fileRef = 8813E7DC2653FCF7000BEF16 /* CalendarViewModel.swift */; };
/* End PBXBuildFile section */

/* Begin PBXContainerItemProxy section */
		7B81420B2652A4E800D38999 /* PBXContainerItemProxy */ = {
			isa = PBXContainerItemProxy;
			containerPortal = 7BB6E6EB264D526F009EA067 /* Project object */;
			proxyType = 1;
			remoteGlobalIDString = 7B8142082652A4E800D38999;
			remoteInfo = "CatCycleWatch Extension";
		};
		7B8142242652A4E900D38999 /* PBXContainerItemProxy */ = {
			isa = PBXContainerItemProxy;
			containerPortal = 7BB6E6EB264D526F009EA067 /* Project object */;
			proxyType = 1;
			remoteGlobalIDString = 7B8142082652A4E800D38999;
			remoteInfo = "CatCycleWatch Extension";
		};
		7B81422F2652A4E900D38999 /* PBXContainerItemProxy */ = {
			isa = PBXContainerItemProxy;
			containerPortal = 7BB6E6EB264D526F009EA067 /* Project object */;
			proxyType = 1;
			remoteGlobalIDString = 7B8141FF2652A4E700D38999;
			remoteInfo = CatCycleWatch;
		};
		7B8142352652A4E900D38999 /* PBXContainerItemProxy */ = {
			isa = PBXContainerItemProxy;
			containerPortal = 7BB6E6EB264D526F009EA067 /* Project object */;
			proxyType = 1;
			remoteGlobalIDString = 7B8141FF2652A4E700D38999;
			remoteInfo = CatCycleWatch;
		};
		7BB6E70A264D5271009EA067 /* PBXContainerItemProxy */ = {
			isa = PBXContainerItemProxy;
			containerPortal = 7BB6E6EB264D526F009EA067 /* Project object */;
			proxyType = 1;
			remoteGlobalIDString = 7BB6E6F2264D526F009EA067;
			remoteInfo = CatCycle;
		};
		7BB6E715264D5271009EA067 /* PBXContainerItemProxy */ = {
			isa = PBXContainerItemProxy;
			containerPortal = 7BB6E6EB264D526F009EA067 /* Project object */;
			proxyType = 1;
			remoteGlobalIDString = 7BB6E6F2264D526F009EA067;
			remoteInfo = CatCycle;
		};
/* End PBXContainerItemProxy section */

/* Begin PBXCopyFilesBuildPhase section */
		7B81423B2652A4E900D38999 /* Embed App Extensions */ = {
			isa = PBXCopyFilesBuildPhase;
			buildActionMask = 2147483647;
			dstPath = "";
			dstSubfolderSpec = 13;
			files = (
				7B81420A2652A4E800D38999 /* CatCycleWatch Extension.appex in Embed App Extensions */,
			);
			name = "Embed App Extensions";
			runOnlyForDeploymentPostprocessing = 0;
		};
		7B81423F2652A4E900D38999 /* Embed Watch Content */ = {
			isa = PBXCopyFilesBuildPhase;
			buildActionMask = 2147483647;
			dstPath = "$(CONTENTS_FOLDER_PATH)/Watch";
			dstSubfolderSpec = 16;
			files = (
				7B8142372652A4E900D38999 /* CatCycleWatch.app in Embed Watch Content */,
			);
			name = "Embed Watch Content";
			runOnlyForDeploymentPostprocessing = 0;
		};
/* End PBXCopyFilesBuildPhase section */

/* Begin PBXFileReference section */
		03092292265486CD00B8F34F /* InfoRow.swift */ = {isa = PBXFileReference; lastKnownFileType = sourcecode.swift; path = InfoRow.swift; sourceTree = "<group>"; };
		0309229626548F9F00B8F34F /* Information.swift */ = {isa = PBXFileReference; lastKnownFileType = sourcecode.swift; path = Information.swift; sourceTree = "<group>"; };
		0309229B2655387100B8F34F /* InfoData.swift */ = {isa = PBXFileReference; lastKnownFileType = sourcecode.swift; path = InfoData.swift; sourceTree = "<group>"; };
		030922A1265539D500B8F34F /* InformationViewModel.swift */ = {isa = PBXFileReference; lastKnownFileType = sourcecode.swift; path = InformationViewModel.swift; sourceTree = "<group>"; };
		034FAC862653E0880096F8CF /* SegmentControl.swift */ = {isa = PBXFileReference; lastKnownFileType = sourcecode.swift; path = SegmentControl.swift; sourceTree = "<group>"; };
		036979B02656A86B00A2671E /* HomeViewModel.swift */ = {isa = PBXFileReference; lastKnownFileType = sourcecode.swift; path = HomeViewModel.swift; sourceTree = "<group>"; };
		03BC09972652A60300DEC528 /* Color.swift */ = {isa = PBXFileReference; lastKnownFileType = sourcecode.swift; path = Color.swift; sourceTree = "<group>"; };
		03BC09992652A84F00DEC528 /* Fonts.swift */ = {isa = PBXFileReference; lastKnownFileType = sourcecode.swift; path = Fonts.swift; sourceTree = "<group>"; };
		03BC099C2652AB0B00DEC528 /* OpenSans-Bold.ttf */ = {isa = PBXFileReference; lastKnownFileType = file; path = "OpenSans-Bold.ttf"; sourceTree = "<group>"; };
		03BC099E2652AB1200DEC528 /* OpenSans-Regular.ttf */ = {isa = PBXFileReference; lastKnownFileType = file; path = "OpenSans-Regular.ttf"; sourceTree = "<group>"; };
		03BC09A02652AB1900DEC528 /* OpenSans-SemiBold.ttf */ = {isa = PBXFileReference; lastKnownFileType = file; path = "OpenSans-SemiBold.ttf"; sourceTree = "<group>"; };
		03BC09A22652ABA400DEC528 /* clarab.otf */ = {isa = PBXFileReference; lastKnownFileType = file; path = clarab.otf; sourceTree = "<group>"; };
		7B2DA29A2654017700FC47F9 /* DayNow.swift */ = {isa = PBXFileReference; lastKnownFileType = sourcecode.swift; path = DayNow.swift; sourceTree = "<group>"; };
		7B2DA29C265401BA00FC47F9 /* DayViewModel.swift */ = {isa = PBXFileReference; lastKnownFileType = sourcecode.swift; path = DayViewModel.swift; sourceTree = "<group>"; };
		7B3B3BC1264D576800B860CA /* .swiftlint.yml */ = {isa = PBXFileReference; fileEncoding = 4; lastKnownFileType = text.yaml; path = .swiftlint.yml; sourceTree = "<group>"; };
		7B3B3BC9264D59C500B860CA /* homeModel */ = {isa = PBXFileReference; lastKnownFileType = text; path = homeModel; sourceTree = "<group>"; };
		7B3B3BD3264D5A3300B860CA /* calendarModel */ = {isa = PBXFileReference; lastKnownFileType = text; path = calendarModel; sourceTree = "<group>"; };
		7B3B3BE0264D5ACF00B860CA /* onboardingViewModel */ = {isa = PBXFileReference; lastKnownFileType = text; path = onboardingViewModel; sourceTree = "<group>"; };
		7B8142002652A4E700D38999 /* CatCycleWatch.app */ = {isa = PBXFileReference; explicitFileType = wrapper.application; includeInIndex = 0; path = CatCycleWatch.app; sourceTree = BUILT_PRODUCTS_DIR; };
		7B8142022652A4E800D38999 /* Assets.xcassets */ = {isa = PBXFileReference; lastKnownFileType = folder.assetcatalog; path = Assets.xcassets; sourceTree = "<group>"; };
		7B8142042652A4E800D38999 /* Info.plist */ = {isa = PBXFileReference; lastKnownFileType = text.plist.xml; path = Info.plist; sourceTree = "<group>"; };
		7B8142092652A4E800D38999 /* CatCycleWatch Extension.appex */ = {isa = PBXFileReference; explicitFileType = "wrapper.app-extension"; includeInIndex = 0; path = "CatCycleWatch Extension.appex"; sourceTree = BUILT_PRODUCTS_DIR; };
		7B81420E2652A4E800D38999 /* CatCycleApp.swift */ = {isa = PBXFileReference; lastKnownFileType = sourcecode.swift; path = CatCycleApp.swift; sourceTree = "<group>"; };
		7B8142102652A4E800D38999 /* ContentView.swift */ = {isa = PBXFileReference; lastKnownFileType = sourcecode.swift; path = ContentView.swift; sourceTree = "<group>"; };
		7B8142122652A4E800D38999 /* NotificationController.swift */ = {isa = PBXFileReference; lastKnownFileType = sourcecode.swift; path = NotificationController.swift; sourceTree = "<group>"; };
		7B8142142652A4E800D38999 /* NotificationView.swift */ = {isa = PBXFileReference; lastKnownFileType = sourcecode.swift; path = NotificationView.swift; sourceTree = "<group>"; };
		7B8142162652A4E800D38999 /* ComplicationController.swift */ = {isa = PBXFileReference; lastKnownFileType = sourcecode.swift; path = ComplicationController.swift; sourceTree = "<group>"; };
		7B8142182652A4E800D38999 /* Assets.xcassets */ = {isa = PBXFileReference; lastKnownFileType = folder.assetcatalog; path = Assets.xcassets; sourceTree = "<group>"; };
		7B81421B2652A4E800D38999 /* Preview Assets.xcassets */ = {isa = PBXFileReference; lastKnownFileType = folder.assetcatalog; path = "Preview Assets.xcassets"; sourceTree = "<group>"; };
		7B81421D2652A4E800D38999 /* Info.plist */ = {isa = PBXFileReference; lastKnownFileType = text.plist.xml; path = Info.plist; sourceTree = "<group>"; };
		7B81421E2652A4E900D38999 /* PushNotificationPayload.apns */ = {isa = PBXFileReference; lastKnownFileType = text; path = PushNotificationPayload.apns; sourceTree = "<group>"; };
		7B8142232652A4E900D38999 /* CatCycleWatchTests.xctest */ = {isa = PBXFileReference; explicitFileType = wrapper.cfbundle; includeInIndex = 0; path = CatCycleWatchTests.xctest; sourceTree = BUILT_PRODUCTS_DIR; };
		7B8142272652A4E900D38999 /* CatCycleWatchTests.swift */ = {isa = PBXFileReference; lastKnownFileType = sourcecode.swift; path = CatCycleWatchTests.swift; sourceTree = "<group>"; };
		7B8142292652A4E900D38999 /* Info.plist */ = {isa = PBXFileReference; lastKnownFileType = text.plist.xml; path = Info.plist; sourceTree = "<group>"; };
		7B81422E2652A4E900D38999 /* CatCycleWatchUITests.xctest */ = {isa = PBXFileReference; explicitFileType = wrapper.cfbundle; includeInIndex = 0; path = CatCycleWatchUITests.xctest; sourceTree = BUILT_PRODUCTS_DIR; };
		7B8142322652A4E900D38999 /* CatCycleWatchUITests.swift */ = {isa = PBXFileReference; lastKnownFileType = sourcecode.swift; path = CatCycleWatchUITests.swift; sourceTree = "<group>"; };
		7B8142342652A4E900D38999 /* Info.plist */ = {isa = PBXFileReference; lastKnownFileType = text.plist.xml; path = Info.plist; sourceTree = "<group>"; };
		7B8142512652AE1800D38999 /* HomeView.swift */ = {isa = PBXFileReference; lastKnownFileType = sourcecode.swift; path = HomeView.swift; sourceTree = "<group>"; };
		7B8142532652B08100D38999 /* PeriodView.swift */ = {isa = PBXFileReference; lastKnownFileType = sourcecode.swift; path = PeriodView.swift; sourceTree = "<group>"; };
		7B8142552652B18700D38999 /* PeriodViewModel.swift */ = {isa = PBXFileReference; lastKnownFileType = sourcecode.swift; path = PeriodViewModel.swift; sourceTree = "<group>"; };
		7B81425E2653DEC100D38999 /* CycleView.swift */ = {isa = PBXFileReference; lastKnownFileType = sourcecode.swift; path = CycleView.swift; sourceTree = "<group>"; };
		7B8142602653DEDD00D38999 /* ColorCycle.swift */ = {isa = PBXFileReference; lastKnownFileType = sourcecode.swift; path = ColorCycle.swift; sourceTree = "<group>"; };
		7BB6E6F3264D526F009EA067 /* CatCycle.app */ = {isa = PBXFileReference; explicitFileType = wrapper.application; includeInIndex = 0; path = CatCycle.app; sourceTree = BUILT_PRODUCTS_DIR; };
		7BB6E6F6264D526F009EA067 /* CatCycleApp.swift */ = {isa = PBXFileReference; lastKnownFileType = sourcecode.swift; path = CatCycleApp.swift; sourceTree = "<group>"; };
		7BB6E6F8264D526F009EA067 /* ContentView.swift */ = {isa = PBXFileReference; lastKnownFileType = sourcecode.swift; path = ContentView.swift; sourceTree = "<group>"; };
		7BB6E6FA264D5270009EA067 /* Assets.xcassets */ = {isa = PBXFileReference; lastKnownFileType = folder.assetcatalog; path = Assets.xcassets; sourceTree = "<group>"; };
		7BB6E6FD264D5270009EA067 /* Preview Assets.xcassets */ = {isa = PBXFileReference; lastKnownFileType = folder.assetcatalog; path = "Preview Assets.xcassets"; sourceTree = "<group>"; };
		7BB6E6FF264D5270009EA067 /* Persistence.swift */ = {isa = PBXFileReference; lastKnownFileType = sourcecode.swift; path = Persistence.swift; sourceTree = "<group>"; };
		7BB6E702264D5270009EA067 /* CatCycle.xcdatamodel */ = {isa = PBXFileReference; lastKnownFileType = wrapper.xcdatamodel; path = CatCycle.xcdatamodel; sourceTree = "<group>"; };
		7BB6E704264D5270009EA067 /* Info.plist */ = {isa = PBXFileReference; lastKnownFileType = text.plist.xml; path = Info.plist; sourceTree = "<group>"; };
		7BB6E709264D5271009EA067 /* CatCycleTests.xctest */ = {isa = PBXFileReference; explicitFileType = wrapper.cfbundle; includeInIndex = 0; path = CatCycleTests.xctest; sourceTree = BUILT_PRODUCTS_DIR; };
		7BB6E70D264D5271009EA067 /* CatCycleTests.swift */ = {isa = PBXFileReference; lastKnownFileType = sourcecode.swift; path = CatCycleTests.swift; sourceTree = "<group>"; };
		7BB6E70F264D5271009EA067 /* Info.plist */ = {isa = PBXFileReference; lastKnownFileType = text.plist.xml; path = Info.plist; sourceTree = "<group>"; };
		7BB6E714264D5271009EA067 /* CatCycleUITests.xctest */ = {isa = PBXFileReference; explicitFileType = wrapper.cfbundle; includeInIndex = 0; path = CatCycleUITests.xctest; sourceTree = BUILT_PRODUCTS_DIR; };
		7BB6E718264D5271009EA067 /* CatCycleUITests.swift */ = {isa = PBXFileReference; lastKnownFileType = sourcecode.swift; path = CatCycleUITests.swift; sourceTree = "<group>"; };
		7BB6E71A264D5271009EA067 /* Info.plist */ = {isa = PBXFileReference; lastKnownFileType = text.plist.xml; path = Info.plist; sourceTree = "<group>"; };
		7BEFF2A82656AEF3001D6A56 /* FrameSets.swift */ = {isa = PBXFileReference; lastKnownFileType = sourcecode.swift; path = FrameSets.swift; sourceTree = "<group>"; };
		816F1994265407D400071F40 /* EmptyStateView.swift */ = {isa = PBXFileReference; lastKnownFileType = sourcecode.swift; path = EmptyStateView.swift; sourceTree = "<group>"; };
		816F1996265407FB00071F40 /* Image.swift */ = {isa = PBXFileReference; lastKnownFileType = sourcecode.swift; path = Image.swift; sourceTree = "<group>"; };
		81897E862655358500DCE0C1 /* AddButton.swift */ = {isa = PBXFileReference; lastKnownFileType = sourcecode.swift; path = AddButton.swift; sourceTree = "<group>"; };
		81897E88265559D700DCE0C1 /* OnboardingView.swift */ = {isa = PBXFileReference; lastKnownFileType = sourcecode.swift; path = OnboardingView.swift; sourceTree = "<group>"; };
		81897E8A265564AF00DCE0C1 /* PageViewController.swift */ = {isa = PBXFileReference; lastKnownFileType = sourcecode.swift; path = PageViewController.swift; sourceTree = "<group>"; };
		81AD5FD226569A55006930EF /* NameView.swift */ = {isa = PBXFileReference; lastKnownFileType = sourcecode.swift; path = NameView.swift; sourceTree = "<group>"; };
		81AD5FD426569A96006930EF /* LengthPeriodView.swift */ = {isa = PBXFileReference; lastKnownFileType = sourcecode.swift; path = LengthPeriodView.swift; sourceTree = "<group>"; };
		81AD5FD626569AC9006930EF /* StartPeriodView.swift */ = {isa = PBXFileReference; lastKnownFileType = sourcecode.swift; path = StartPeriodView.swift; sourceTree = "<group>"; };
		81AD5FD826569AE2006930EF /* OnboardingData.swift */ = {isa = PBXFileReference; lastKnownFileType = sourcecode.swift; path = OnboardingData.swift; sourceTree = "<group>"; };
		81AD5FDA2656AD33006930EF /* CCTextField.swift */ = {isa = PBXFileReference; lastKnownFileType = sourcecode.swift; path = CCTextField.swift; sourceTree = "<group>"; };
		81AD5FDD2657E53B006930EF /* AppRouter.swift */ = {isa = PBXFileReference; lastKnownFileType = sourcecode.swift; path = AppRouter.swift; sourceTree = "<group>"; };
		81AD5FE32657FD37006930EF /* TrackingView.swift */ = {isa = PBXFileReference; lastKnownFileType = sourcecode.swift; path = TrackingView.swift; sourceTree = "<group>"; };
		81AD5FE52657FD94006930EF /* CollectionTrackingView.swift */ = {isa = PBXFileReference; lastKnownFileType = sourcecode.swift; path = CollectionTrackingView.swift; sourceTree = "<group>"; };
		81AD5FEA265BD305006930EF /* SelectionButtonStyle.swift */ = {isa = PBXFileReference; lastKnownFileType = sourcecode.swift; path = SelectionButtonStyle.swift; sourceTree = "<group>"; };
		81AD5FEC265BD618006930EF /* TrakingCell.swift */ = {isa = PBXFileReference; lastKnownFileType = sourcecode.swift; path = TrakingCell.swift; sourceTree = "<group>"; };
		8813E7D92653E438000BEF16 /* CalendarView.swift */ = {isa = PBXFileReference; lastKnownFileType = sourcecode.swift; path = CalendarView.swift; sourceTree = "<group>"; };
		8813E7DC2653FCF7000BEF16 /* CalendarViewModel.swift */ = {isa = PBXFileReference; lastKnownFileType = sourcecode.swift; path = CalendarViewModel.swift; sourceTree = "<group>"; };
/* End PBXFileReference section */

/* Begin PBXFrameworksBuildPhase section */
		7B8142062652A4E800D38999 /* Frameworks */ = {
			isa = PBXFrameworksBuildPhase;
			buildActionMask = 2147483647;
			files = (
				7B81425C2653DE3C00D38999 /* Liquid in Frameworks */,
			);
			runOnlyForDeploymentPostprocessing = 0;
		};
		7B8142202652A4E900D38999 /* Frameworks */ = {
			isa = PBXFrameworksBuildPhase;
			buildActionMask = 2147483647;
			files = (
			);
			runOnlyForDeploymentPostprocessing = 0;
		};
		7B81422B2652A4E900D38999 /* Frameworks */ = {
			isa = PBXFrameworksBuildPhase;
			buildActionMask = 2147483647;
			files = (
			);
			runOnlyForDeploymentPostprocessing = 0;
		};
		7BB6E6F0264D526F009EA067 /* Frameworks */ = {
			isa = PBXFrameworksBuildPhase;
			buildActionMask = 2147483647;
			files = (
				7B8141FD2652A44600D38999 /* Liquid in Frameworks */,
			);
			runOnlyForDeploymentPostprocessing = 0;
		};
		7BB6E706264D5271009EA067 /* Frameworks */ = {
			isa = PBXFrameworksBuildPhase;
			buildActionMask = 2147483647;
			files = (
			);
			runOnlyForDeploymentPostprocessing = 0;
		};
		7BB6E711264D5271009EA067 /* Frameworks */ = {
			isa = PBXFrameworksBuildPhase;
			buildActionMask = 2147483647;
			files = (
			);
			runOnlyForDeploymentPostprocessing = 0;
		};
/* End PBXFrameworksBuildPhase section */

/* Begin PBXGroup section */
		030922982655384D00B8F34F /* InfoRow */ = {
			isa = PBXGroup;
			children = (
				0309229A2655386000B8F34F /* Model */,
				030922992655385900B8F34F /* View */,
			);
			path = InfoRow;
			sourceTree = "<group>";
		};
		030922992655385900B8F34F /* View */ = {
			isa = PBXGroup;
			children = (
				03092292265486CD00B8F34F /* InfoRow.swift */,
			);
			path = View;
			sourceTree = "<group>";
		};
		0309229A2655386000B8F34F /* Model */ = {
			isa = PBXGroup;
			children = (
				0309229B2655387100B8F34F /* InfoData.swift */,
			);
			path = Model;
			sourceTree = "<group>";
		};
		0309229E265539AB00B8F34F /* Information */ = {
			isa = PBXGroup;
			children = (
				030922A0265539BF00B8F34F /* ViewModel */,
				0309229F265539B900B8F34F /* View */,
			);
			path = Information;
			sourceTree = "<group>";
		};
		0309229F265539B900B8F34F /* View */ = {
			isa = PBXGroup;
			children = (
				816F1994265407D400071F40 /* EmptyStateView.swift */,
				0309229626548F9F00B8F34F /* Information.swift */,
			);
			path = View;
			sourceTree = "<group>";
		};
		030922A0265539BF00B8F34F /* ViewModel */ = {
			isa = PBXGroup;
			children = (
				030922A1265539D500B8F34F /* InformationViewModel.swift */,
			);
			path = ViewModel;
			sourceTree = "<group>";
		};
		030922B02655738200B8F34F /* Components */ = {
			isa = PBXGroup;
			children = (
				030922982655384D00B8F34F /* InfoRow */,
				034FAC862653E0880096F8CF /* SegmentControl.swift */,
				7B81425D2653DEAD00D38999 /* Cycle */,
				0309229E265539AB00B8F34F /* Information */,
			);
			path = Components;
			sourceTree = "<group>";
		};
		036979AC2656A5BF00A2671E /* Scenes */ = {
			isa = PBXGroup;
			children = (
				036979AD2656A84800A2671E /* Home */,
			);
			path = Scenes;
			sourceTree = "<group>";
		};
		036979AD2656A84800A2671E /* Home */ = {
			isa = PBXGroup;
			children = (
				036979AF2656A85800A2671E /* ViewModel */,
				036979AE2656A85100A2671E /* View */,
			);
			path = Home;
			sourceTree = "<group>";
		};
		036979AE2656A85100A2671E /* View */ = {
			isa = PBXGroup;
			children = (
				7B8142102652A4E800D38999 /* ContentView.swift */,
			);
			path = View;
			sourceTree = "<group>";
		};
		036979AF2656A85800A2671E /* ViewModel */ = {
			isa = PBXGroup;
			children = (
				036979B02656A86B00A2671E /* HomeViewModel.swift */,
			);
			path = ViewModel;
			sourceTree = "<group>";
		};
		03BC098D2652A24800DEC528 /* Components */ = {
			isa = PBXGroup;
			children = (
				81897E862655358500DCE0C1 /* AddButton.swift */,
				81AD5FDA2656AD33006930EF /* CCTextField.swift */,
				81AD5FEA265BD305006930EF /* SelectionButtonStyle.swift */,
			);
			path = Components;
			sourceTree = "<group>";
		};
		03BC09962652A58D00DEC528 /* Assets */ = {
			isa = PBXGroup;
			children = (
				03BC099B2652A9D900DEC528 /* FontsFiles */,
				03BC09972652A60300DEC528 /* Color.swift */,
				03BC09992652A84F00DEC528 /* Fonts.swift */,
				816F1996265407FB00071F40 /* Image.swift */,
			);
			path = Assets;
			sourceTree = "<group>";
		};
		03BC099B2652A9D900DEC528 /* FontsFiles */ = {
			isa = PBXGroup;
			children = (
				03BC09A22652ABA400DEC528 /* clarab.otf */,
				03BC09A02652AB1900DEC528 /* OpenSans-SemiBold.ttf */,
				03BC099E2652AB1200DEC528 /* OpenSans-Regular.ttf */,
				03BC099C2652AB0B00DEC528 /* OpenSans-Bold.ttf */,
			);
			path = FontsFiles;
			sourceTree = "<group>";
		};
		7B3B3BC3264D592500B860CA /* Scenes */ = {
			isa = PBXGroup;
			children = (
				81AD5FE12657FD0B006930EF /* Tracking */,
				7B3B3BD5264D5A4800B860CA /* Onboarding */,
				7B3B3BCB264D59D200B860CA /* Calendar */,
				7B3B3BC4264D593600B860CA /* Home */,
			);
			path = Scenes;
			sourceTree = "<group>";
		};
		7B3B3BC4264D593600B860CA /* Home */ = {
			isa = PBXGroup;
			children = (
				7BB6E726264D5323009EA067 /* View */,
				7BB6E727264D532F009EA067 /* ViewModel */,
				7BB6E728264D5340009EA067 /* Model */,
			);
			path = Home;
			sourceTree = "<group>";
		};
		7B3B3BCB264D59D200B860CA /* Calendar */ = {
			isa = PBXGroup;
			children = (
				7B3B3BCE264D59FB00B860CA /* ViewModel */,
				7B3B3BCD264D59E300B860CA /* View */,
				7B3B3BCC264D59DC00B860CA /* Model */,
			);
			path = Calendar;
			sourceTree = "<group>";
		};
		7B3B3BCC264D59DC00B860CA /* Model */ = {
			isa = PBXGroup;
			children = (
				7B3B3BD3264D5A3300B860CA /* calendarModel */,
			);
			path = Model;
			sourceTree = "<group>";
		};
		7B3B3BCD264D59E300B860CA /* View */ = {
			isa = PBXGroup;
			children = (
				8813E7D92653E438000BEF16 /* CalendarView.swift */,
			);
			path = View;
			sourceTree = "<group>";
		};
		7B3B3BCE264D59FB00B860CA /* ViewModel */ = {
			isa = PBXGroup;
			children = (
				8813E7DC2653FCF7000BEF16 /* CalendarViewModel.swift */,
			);
			path = ViewModel;
			sourceTree = "<group>";
		};
		7B3B3BD5264D5A4800B860CA /* Onboarding */ = {
			isa = PBXGroup;
			children = (
				7B3B3BD8264D5A6500B860CA /* ViewModel */,
				7B3B3BD7264D5A5F00B860CA /* Model */,
				7B3B3BD6264D5A5500B860CA /* View */,
			);
			path = Onboarding;
			sourceTree = "<group>";
		};
		7B3B3BD6264D5A5500B860CA /* View */ = {
			isa = PBXGroup;
			children = (
				81897E88265559D700DCE0C1 /* OnboardingView.swift */,
				81897E8A265564AF00DCE0C1 /* PageViewController.swift */,
				81AD5FD226569A55006930EF /* NameView.swift */,
				81AD5FD426569A96006930EF /* LengthPeriodView.swift */,
				81AD5FD626569AC9006930EF /* StartPeriodView.swift */,
			);
			path = View;
			sourceTree = "<group>";
		};
		7B3B3BD7264D5A5F00B860CA /* Model */ = {
			isa = PBXGroup;
			children = (
				81AD5FD826569AE2006930EF /* OnboardingData.swift */,
			);
			path = Model;
			sourceTree = "<group>";
		};
		7B3B3BD8264D5A6500B860CA /* ViewModel */ = {
			isa = PBXGroup;
			children = (
				7B3B3BE0264D5ACF00B860CA /* onboardingViewModel */,
			);
			path = ViewModel;
			sourceTree = "<group>";
		};
		7B8142012652A4E700D38999 /* CatCycleWatch */ = {
			isa = PBXGroup;
			children = (
				7B8142022652A4E800D38999 /* Assets.xcassets */,
				7B8142042652A4E800D38999 /* Info.plist */,
			);
			path = CatCycleWatch;
			sourceTree = "<group>";
		};
		7B81420D2652A4E800D38999 /* CatCycleWatch Extension */ = {
			isa = PBXGroup;
			children = (
				7B81420E2652A4E800D38999 /* CatCycleApp.swift */,
				036979AC2656A5BF00A2671E /* Scenes */,
				7B8142122652A4E800D38999 /* NotificationController.swift */,
				7B8142142652A4E800D38999 /* NotificationView.swift */,
				7B8142162652A4E800D38999 /* ComplicationController.swift */,
				7B8142182652A4E800D38999 /* Assets.xcassets */,
				7B81421D2652A4E800D38999 /* Info.plist */,
				7B81421E2652A4E900D38999 /* PushNotificationPayload.apns */,
				7B81421A2652A4E800D38999 /* Preview Content */,
			);
			path = "CatCycleWatch Extension";
			sourceTree = "<group>";
		};
		7B81421A2652A4E800D38999 /* Preview Content */ = {
			isa = PBXGroup;
			children = (
				7B81421B2652A4E800D38999 /* Preview Assets.xcassets */,
			);
			path = "Preview Content";
			sourceTree = "<group>";
		};
		7B8142262652A4E900D38999 /* CatCycleWatchTests */ = {
			isa = PBXGroup;
			children = (
				7B8142272652A4E900D38999 /* CatCycleWatchTests.swift */,
				7B8142292652A4E900D38999 /* Info.plist */,
			);
			path = CatCycleWatchTests;
			sourceTree = "<group>";
		};
		7B8142312652A4E900D38999 /* CatCycleWatchUITests */ = {
			isa = PBXGroup;
			children = (
				7B8142322652A4E900D38999 /* CatCycleWatchUITests.swift */,
				7B8142342652A4E900D38999 /* Info.plist */,
			);
			path = CatCycleWatchUITests;
			sourceTree = "<group>";
		};
		7B8142482652A54E00D38999 /* Shared */ = {
			isa = PBXGroup;
			children = (
				03BC09962652A58D00DEC528 /* Assets */,
				030922B02655738200B8F34F /* Components */,
			);
			path = Shared;
			sourceTree = "<group>";
		};
		7B81425A2653DE3C00D38999 /* Frameworks */ = {
			isa = PBXGroup;
			children = (
			);
			name = Frameworks;
			sourceTree = "<group>";
		};
		7B81425D2653DEAD00D38999 /* Cycle */ = {
			isa = PBXGroup;
			children = (
				7B81425E2653DEC100D38999 /* CycleView.swift */,
				7B8142602653DEDD00D38999 /* ColorCycle.swift */,
				7BEFF2A82656AEF3001D6A56 /* FrameSets.swift */,
			);
			path = Cycle;
			sourceTree = "<group>";
		};
		7BB6E6EA264D526F009EA067 = {
			isa = PBXGroup;
			children = (
				7B8142482652A54E00D38999 /* Shared */,
				7BB6E6F5264D526F009EA067 /* CatCycle */,
				7BB6E70C264D5271009EA067 /* CatCycleTests */,
				7BB6E717264D5271009EA067 /* CatCycleUITests */,
				7B8142012652A4E700D38999 /* CatCycleWatch */,
				7B81420D2652A4E800D38999 /* CatCycleWatch Extension */,
				7B8142262652A4E900D38999 /* CatCycleWatchTests */,
				7B8142312652A4E900D38999 /* CatCycleWatchUITests */,
				7BB6E6F4264D526F009EA067 /* Products */,
				7B81425A2653DE3C00D38999 /* Frameworks */,
			);
			sourceTree = "<group>";
		};
		7BB6E6F4264D526F009EA067 /* Products */ = {
			isa = PBXGroup;
			children = (
				7BB6E6F3264D526F009EA067 /* CatCycle.app */,
				7BB6E709264D5271009EA067 /* CatCycleTests.xctest */,
				7BB6E714264D5271009EA067 /* CatCycleUITests.xctest */,
				7B8142002652A4E700D38999 /* CatCycleWatch.app */,
				7B8142092652A4E800D38999 /* CatCycleWatch Extension.appex */,
				7B8142232652A4E900D38999 /* CatCycleWatchTests.xctest */,
				7B81422E2652A4E900D38999 /* CatCycleWatchUITests.xctest */,
			);
			name = Products;
			sourceTree = "<group>";
		};
		7BB6E6F5264D526F009EA067 /* CatCycle */ = {
			isa = PBXGroup;
			children = (
				7B3B3BC3264D592500B860CA /* Scenes */,
				7B3B3BC1264D576800B860CA /* .swiftlint.yml */,
				7BB6E6F6264D526F009EA067 /* CatCycleApp.swift */,
				7BB6E6F8264D526F009EA067 /* ContentView.swift */,
				7BB6E6FF264D5270009EA067 /* Persistence.swift */,
				7BB6E704264D5270009EA067 /* Info.plist */,
				7BB6E701264D5270009EA067 /* CatCycle.xcdatamodeld */,
				7BB6E729264D534B009EA067 /* Shared */,
				7BB6E6FC264D5270009EA067 /* Preview Content */,
			);
			path = CatCycle;
			sourceTree = "<group>";
		};
		7BB6E6FC264D5270009EA067 /* Preview Content */ = {
			isa = PBXGroup;
			children = (
				7BB6E6FD264D5270009EA067 /* Preview Assets.xcassets */,
			);
			path = "Preview Content";
			sourceTree = "<group>";
		};
		7BB6E70C264D5271009EA067 /* CatCycleTests */ = {
			isa = PBXGroup;
			children = (
				7BB6E70D264D5271009EA067 /* CatCycleTests.swift */,
				7BB6E70F264D5271009EA067 /* Info.plist */,
			);
			path = CatCycleTests;
			sourceTree = "<group>";
		};
		7BB6E717264D5271009EA067 /* CatCycleUITests */ = {
			isa = PBXGroup;
			children = (
				7BB6E718264D5271009EA067 /* CatCycleUITests.swift */,
				7BB6E71A264D5271009EA067 /* Info.plist */,
			);
			path = CatCycleUITests;
			sourceTree = "<group>";
		};
		7BB6E726264D5323009EA067 /* View */ = {
			isa = PBXGroup;
			children = (
				7B8142512652AE1800D38999 /* HomeView.swift */,
				7B8142532652B08100D38999 /* PeriodView.swift */,
				7B2DA29A2654017700FC47F9 /* DayNow.swift */,
			);
			path = View;
			sourceTree = "<group>";
		};
		7BB6E727264D532F009EA067 /* ViewModel */ = {
			isa = PBXGroup;
			children = (
				7B8142552652B18700D38999 /* PeriodViewModel.swift */,
				7B2DA29C265401BA00FC47F9 /* DayViewModel.swift */,
			);
			path = ViewModel;
			sourceTree = "<group>";
		};
		7BB6E728264D5340009EA067 /* Model */ = {
			isa = PBXGroup;
			children = (
				7B3B3BC9264D59C500B860CA /* homeModel */,
			);
			path = Model;
			sourceTree = "<group>";
		};
		7BB6E729264D534B009EA067 /* Shared */ = {
			isa = PBXGroup;
			children = (
				81AD5FDC2657E4F0006930EF /* Router */,
				03BC098D2652A24800DEC528 /* Components */,
				7BB6E6FA264D5270009EA067 /* Assets.xcassets */,
			);
			path = Shared;
			sourceTree = "<group>";
		};
		81AD5FDC2657E4F0006930EF /* Router */ = {
			isa = PBXGroup;
			children = (
				81AD5FDD2657E53B006930EF /* AppRouter.swift */,
			);
			path = Router;
			sourceTree = "<group>";
		};
		81AD5FE12657FD0B006930EF /* Tracking */ = {
			isa = PBXGroup;
			children = (
				81AD5FE22657FD27006930EF /* View */,
			);
			path = Tracking;
			sourceTree = "<group>";
		};
		81AD5FE22657FD27006930EF /* View */ = {
			isa = PBXGroup;
			children = (
				81AD5FE32657FD37006930EF /* TrackingView.swift */,
				81AD5FE52657FD94006930EF /* CollectionTrackingView.swift */,
				81AD5FEC265BD618006930EF /* TrakingCell.swift */,
			);
			path = View;
			sourceTree = "<group>";
		};
/* End PBXGroup section */

/* Begin PBXNativeTarget section */
		7B8141FF2652A4E700D38999 /* CatCycleWatch */ = {
			isa = PBXNativeTarget;
			buildConfigurationList = 7B81423C2652A4E900D38999 /* Build configuration list for PBXNativeTarget "CatCycleWatch" */;
			buildPhases = (
				7B8141FE2652A4E700D38999 /* Resources */,
				7B81423B2652A4E900D38999 /* Embed App Extensions */,
			);
			buildRules = (
			);
			dependencies = (
				7B81420C2652A4E800D38999 /* PBXTargetDependency */,
			);
			name = CatCycleWatch;
			productName = CatCycleWatch;
			productReference = 7B8142002652A4E700D38999 /* CatCycleWatch.app */;
			productType = "com.apple.product-type.application.watchapp2";
		};
		7B8142082652A4E800D38999 /* CatCycleWatch Extension */ = {
			isa = PBXNativeTarget;
			buildConfigurationList = 7B8142382652A4E900D38999 /* Build configuration list for PBXNativeTarget "CatCycleWatch Extension" */;
			buildPhases = (
				7B8142052652A4E800D38999 /* Sources */,
				7B8142062652A4E800D38999 /* Frameworks */,
				7B8142072652A4E800D38999 /* Resources */,
			);
			buildRules = (
			);
			dependencies = (
				7B8142472652A4FB00D38999 /* PBXTargetDependency */,
			);
			name = "CatCycleWatch Extension";
			packageProductDependencies = (
				7B81425B2653DE3C00D38999 /* Liquid */,
			);
			productName = "CatCycleWatch Extension";
			productReference = 7B8142092652A4E800D38999 /* CatCycleWatch Extension.appex */;
			productType = "com.apple.product-type.watchkit2-extension";
		};
		7B8142222652A4E900D38999 /* CatCycleWatchTests */ = {
			isa = PBXNativeTarget;
			buildConfigurationList = 7B8142402652A4E900D38999 /* Build configuration list for PBXNativeTarget "CatCycleWatchTests" */;
			buildPhases = (
				7B81421F2652A4E900D38999 /* Sources */,
				7B8142202652A4E900D38999 /* Frameworks */,
				7B8142212652A4E900D38999 /* Resources */,
			);
			buildRules = (
			);
			dependencies = (
				7B8142252652A4E900D38999 /* PBXTargetDependency */,
			);
			name = CatCycleWatchTests;
			productName = CatCycleWatchTests;
			productReference = 7B8142232652A4E900D38999 /* CatCycleWatchTests.xctest */;
			productType = "com.apple.product-type.bundle.unit-test";
		};
		7B81422D2652A4E900D38999 /* CatCycleWatchUITests */ = {
			isa = PBXNativeTarget;
			buildConfigurationList = 7B8142432652A4E900D38999 /* Build configuration list for PBXNativeTarget "CatCycleWatchUITests" */;
			buildPhases = (
				7B81422A2652A4E900D38999 /* Sources */,
				7B81422B2652A4E900D38999 /* Frameworks */,
				7B81422C2652A4E900D38999 /* Resources */,
			);
			buildRules = (
			);
			dependencies = (
				7B8142302652A4E900D38999 /* PBXTargetDependency */,
			);
			name = CatCycleWatchUITests;
			productName = CatCycleWatchUITests;
			productReference = 7B81422E2652A4E900D38999 /* CatCycleWatchUITests.xctest */;
			productType = "com.apple.product-type.bundle.ui-testing";
		};
		7BB6E6F2264D526F009EA067 /* CatCycle */ = {
			isa = PBXNativeTarget;
			buildConfigurationList = 7BB6E71D264D5271009EA067 /* Build configuration list for PBXNativeTarget "CatCycle" */;
			buildPhases = (
				7BB6E6EF264D526F009EA067 /* Sources */,
				7BB6E6F0264D526F009EA067 /* Frameworks */,
				7BB6E6F1264D526F009EA067 /* Resources */,
				7BB6E72A264D53E0009EA067 /* ShellScript */,
				7B81423F2652A4E900D38999 /* Embed Watch Content */,
			);
			buildRules = (
			);
			dependencies = (
				7B8142362652A4E900D38999 /* PBXTargetDependency */,
			);
			name = CatCycle;
			packageProductDependencies = (
				7B8141FC2652A44600D38999 /* Liquid */,
			);
			productName = CatCycle;
			productReference = 7BB6E6F3264D526F009EA067 /* CatCycle.app */;
			productType = "com.apple.product-type.application";
		};
		7BB6E708264D5271009EA067 /* CatCycleTests */ = {
			isa = PBXNativeTarget;
			buildConfigurationList = 7BB6E720264D5271009EA067 /* Build configuration list for PBXNativeTarget "CatCycleTests" */;
			buildPhases = (
				7BB6E705264D5271009EA067 /* Sources */,
				7BB6E706264D5271009EA067 /* Frameworks */,
				7BB6E707264D5271009EA067 /* Resources */,
			);
			buildRules = (
			);
			dependencies = (
				7BB6E70B264D5271009EA067 /* PBXTargetDependency */,
			);
			name = CatCycleTests;
			productName = CatCycleTests;
			productReference = 7BB6E709264D5271009EA067 /* CatCycleTests.xctest */;
			productType = "com.apple.product-type.bundle.unit-test";
		};
		7BB6E713264D5271009EA067 /* CatCycleUITests */ = {
			isa = PBXNativeTarget;
			buildConfigurationList = 7BB6E723264D5271009EA067 /* Build configuration list for PBXNativeTarget "CatCycleUITests" */;
			buildPhases = (
				7BB6E710264D5271009EA067 /* Sources */,
				7BB6E711264D5271009EA067 /* Frameworks */,
				7BB6E712264D5271009EA067 /* Resources */,
			);
			buildRules = (
			);
			dependencies = (
				7BB6E716264D5271009EA067 /* PBXTargetDependency */,
			);
			name = CatCycleUITests;
			productName = CatCycleUITests;
			productReference = 7BB6E714264D5271009EA067 /* CatCycleUITests.xctest */;
			productType = "com.apple.product-type.bundle.ui-testing";
		};
/* End PBXNativeTarget section */

/* Begin PBXProject section */
		7BB6E6EB264D526F009EA067 /* Project object */ = {
			isa = PBXProject;
			attributes = {
				LastSwiftUpdateCheck = 1250;
				LastUpgradeCheck = 1250;
				TargetAttributes = {
					7B8141FF2652A4E700D38999 = {
						CreatedOnToolsVersion = 12.5;
					};
					7B8142082652A4E800D38999 = {
						CreatedOnToolsVersion = 12.5;
					};
					7B8142222652A4E900D38999 = {
						CreatedOnToolsVersion = 12.5;
						TestTargetID = 7B8142082652A4E800D38999;
					};
					7B81422D2652A4E900D38999 = {
						CreatedOnToolsVersion = 12.5;
						TestTargetID = 7B8141FF2652A4E700D38999;
					};
					7BB6E6F2264D526F009EA067 = {
						CreatedOnToolsVersion = 12.5;
					};
					7BB6E708264D5271009EA067 = {
						CreatedOnToolsVersion = 12.5;
						TestTargetID = 7BB6E6F2264D526F009EA067;
					};
					7BB6E713264D5271009EA067 = {
						CreatedOnToolsVersion = 12.5;
						TestTargetID = 7BB6E6F2264D526F009EA067;
					};
				};
			};
			buildConfigurationList = 7BB6E6EE264D526F009EA067 /* Build configuration list for PBXProject "CatCycle" */;
			compatibilityVersion = "Xcode 9.3";
			developmentRegion = en;
			hasScannedForEncodings = 0;
			knownRegions = (
				en,
				Base,
			);
			mainGroup = 7BB6E6EA264D526F009EA067;
			packageReferences = (
				7B8141FB2652A44600D38999 /* XCRemoteSwiftPackageReference "liquid" */,
			);
			productRefGroup = 7BB6E6F4264D526F009EA067 /* Products */;
			projectDirPath = "";
			projectRoot = "";
			targets = (
				7BB6E6F2264D526F009EA067 /* CatCycle */,
				7BB6E708264D5271009EA067 /* CatCycleTests */,
				7BB6E713264D5271009EA067 /* CatCycleUITests */,
				7B8141FF2652A4E700D38999 /* CatCycleWatch */,
				7B8142082652A4E800D38999 /* CatCycleWatch Extension */,
				7B8142222652A4E900D38999 /* CatCycleWatchTests */,
				7B81422D2652A4E900D38999 /* CatCycleWatchUITests */,
			);
		};
/* End PBXProject section */

/* Begin PBXResourcesBuildPhase section */
		7B8141FE2652A4E700D38999 /* Resources */ = {
			isa = PBXResourcesBuildPhase;
			buildActionMask = 2147483647;
			files = (
				030922C12656903E00B8F34F /* OpenSans-Regular.ttf in Resources */,
				030922BE2656903E00B8F34F /* OpenSans-SemiBold.ttf in Resources */,
				7B8142032652A4E800D38999 /* Assets.xcassets in Resources */,
				030922C02656903E00B8F34F /* clarab.otf in Resources */,
				030922BF2656903E00B8F34F /* OpenSans-Bold.ttf in Resources */,
			);
			runOnlyForDeploymentPostprocessing = 0;
		};
		7B8142072652A4E800D38999 /* Resources */ = {
			isa = PBXResourcesBuildPhase;
			buildActionMask = 2147483647;
			files = (
				030922B52655742600B8F34F /* OpenSans-SemiBold.ttf in Resources */,
				7B81421C2652A4E800D38999 /* Preview Assets.xcassets in Resources */,
				7B8142192652A4E800D38999 /* Assets.xcassets in Resources */,
				030922B42655742600B8F34F /* OpenSans-Bold.ttf in Resources */,
				036979B22656AEE200A2671E /* Assets.xcassets in Resources */,
				030922B72655742600B8F34F /* OpenSans-Regular.ttf in Resources */,
				030922B62655742600B8F34F /* clarab.otf in Resources */,
			);
			runOnlyForDeploymentPostprocessing = 0;
		};
		7B8142212652A4E900D38999 /* Resources */ = {
			isa = PBXResourcesBuildPhase;
			buildActionMask = 2147483647;
			files = (
			);
			runOnlyForDeploymentPostprocessing = 0;
		};
		7B81422C2652A4E900D38999 /* Resources */ = {
			isa = PBXResourcesBuildPhase;
			buildActionMask = 2147483647;
			files = (
			);
			runOnlyForDeploymentPostprocessing = 0;
		};
		7BB6E6F1264D526F009EA067 /* Resources */ = {
			isa = PBXResourcesBuildPhase;
			buildActionMask = 2147483647;
			files = (
				03BC099D2652AB0B00DEC528 /* OpenSans-Bold.ttf in Resources */,
				7B3B3BC2264D576800B860CA /* .swiftlint.yml in Resources */,
				7B3B3BCA264D59C500B860CA /* homeModel in Resources */,
				7B3B3BD4264D5A3300B860CA /* calendarModel in Resources */,
				03BC09A12652AB1900DEC528 /* OpenSans-SemiBold.ttf in Resources */,
				7BB6E6FE264D5270009EA067 /* Preview Assets.xcassets in Resources */,
				03BC09902652A29C00DEC528 /* (null) in Resources */,
				7BB6E6FB264D5270009EA067 /* Assets.xcassets in Resources */,
				7B3B3BE1264D5ACF00B860CA /* onboardingViewModel in Resources */,
				03BC099F2652AB1200DEC528 /* OpenSans-Regular.ttf in Resources */,
				03BC09A32652ABA400DEC528 /* clarab.otf in Resources */,
			);
			runOnlyForDeploymentPostprocessing = 0;
		};
		7BB6E707264D5271009EA067 /* Resources */ = {
			isa = PBXResourcesBuildPhase;
			buildActionMask = 2147483647;
			files = (
			);
			runOnlyForDeploymentPostprocessing = 0;
		};
		7BB6E712264D5271009EA067 /* Resources */ = {
			isa = PBXResourcesBuildPhase;
			buildActionMask = 2147483647;
			files = (
			);
			runOnlyForDeploymentPostprocessing = 0;
		};
/* End PBXResourcesBuildPhase section */

/* Begin PBXShellScriptBuildPhase section */
		7BB6E72A264D53E0009EA067 /* ShellScript */ = {
			isa = PBXShellScriptBuildPhase;
			buildActionMask = 2147483647;
			files = (
			);
			inputFileListPaths = (
			);
			inputPaths = (
			);
			outputFileListPaths = (
			);
			outputPaths = (
			);
			runOnlyForDeploymentPostprocessing = 0;
			shellPath = /bin/sh;
			shellScript = "# Type a script or drag a script file from your workspace to insert its path.\nif which swiftlint >/dev/null; then\n  swiftlint\nelse\n  echo \"warning: SwiftLint not installed, download from https://github.com/realm/SwiftLint\"\nfi\n";
		};
/* End PBXShellScriptBuildPhase section */

/* Begin PBXSourcesBuildPhase section */
		7B8142052652A4E800D38999 /* Sources */ = {
			isa = PBXSourcesBuildPhase;
			buildActionMask = 2147483647;
			files = (
				036979B12656A86B00A2671E /* HomeViewModel.swift in Sources */,
				030922B12655742200B8F34F /* Fonts.swift in Sources */,
				030922B22655742200B8F34F /* Image.swift in Sources */,
				7B8142132652A4E800D38999 /* NotificationController.swift in Sources */,
				030922BC2655744200B8F34F /* Information.swift in Sources */,
				030922B32655742200B8F34F /* Color.swift in Sources */,
				7B8142112652A4E800D38999 /* ContentView.swift in Sources */,
				7B3559632653E059007BE1ED /* ColorCycle.swift in Sources */,
				030922B82655742C00B8F34F /* SegmentControl.swift in Sources */,
				7B8142172652A4E800D38999 /* ComplicationController.swift in Sources */,
				7BEFF2AA2656AEF3001D6A56 /* FrameSets.swift in Sources */,
				030922BA2655743400B8F34F /* InfoData.swift in Sources */,
				030922BD2655759200B8F34F /* EmptyStateView.swift in Sources */,
				030922B92655743200B8F34F /* InfoRow.swift in Sources */,
				7B81420F2652A4E800D38999 /* CatCycleApp.swift in Sources */,
				7B81425F2653DEC100D38999 /* CycleView.swift in Sources */,
				7B8142152652A4E800D38999 /* NotificationView.swift in Sources */,
				030922BB2655743F00B8F34F /* InformationViewModel.swift in Sources */,
			);
			runOnlyForDeploymentPostprocessing = 0;
		};
		7B81421F2652A4E900D38999 /* Sources */ = {
			isa = PBXSourcesBuildPhase;
			buildActionMask = 2147483647;
			files = (
				7B8142282652A4E900D38999 /* CatCycleWatchTests.swift in Sources */,
			);
			runOnlyForDeploymentPostprocessing = 0;
		};
		7B81422A2652A4E900D38999 /* Sources */ = {
			isa = PBXSourcesBuildPhase;
			buildActionMask = 2147483647;
			files = (
				7B8142332652A4E900D38999 /* CatCycleWatchUITests.swift in Sources */,
			);
			runOnlyForDeploymentPostprocessing = 0;
		};
		7BB6E6EF264D526F009EA067 /* Sources */ = {
			isa = PBXSourcesBuildPhase;
			buildActionMask = 2147483647;
			files = (
				7BEFF2A92656AEF3001D6A56 /* FrameSets.swift in Sources */,
				81AD5FD526569A96006930EF /* LengthPeriodView.swift in Sources */,
				0309229726548F9F00B8F34F /* Information.swift in Sources */,
				03BC099A2652A84F00DEC528 /* Fonts.swift in Sources */,
				7B2DA29B2654017700FC47F9 /* DayNow.swift in Sources */,
				030922A2265539D500B8F34F /* InformationViewModel.swift in Sources */,
				7B2DA29D265401BA00FC47F9 /* DayViewModel.swift in Sources */,
				03092293265486CD00B8F34F /* InfoRow.swift in Sources */,
				81AD5FDB2656AD33006930EF /* CCTextField.swift in Sources */,
				81897E8B265564AF00DCE0C1 /* PageViewController.swift in Sources */,
				8813E7DD2653FCF7000BEF16 /* CalendarViewModel.swift in Sources */,
				8813E7DA2653E438000BEF16 /* CalendarView.swift in Sources */,
				81AD5FDE2657E53B006930EF /* AppRouter.swift in Sources */,
				7BB6E700264D5270009EA067 /* Persistence.swift in Sources */,
				81AD5FE62657FD94006930EF /* CollectionTrackingView.swift in Sources */,
				0309229C2655387100B8F34F /* InfoData.swift in Sources */,
				7B8142542652B08100D38999 /* PeriodView.swift in Sources */,
				7B8142522652AE1800D38999 /* HomeView.swift in Sources */,
				81AD5FD926569AE2006930EF /* OnboardingData.swift in Sources */,
				7B8142622653DF2200D38999 /* CycleView.swift in Sources */,
				7B3559642653E05C007BE1ED /* ColorCycle.swift in Sources */,
				816F1997265407FB00071F40 /* Image.swift in Sources */,
				816F1995265407D400071F40 /* EmptyStateView.swift in Sources */,
				81AD5FEB265BD305006930EF /* SelectionButtonStyle.swift in Sources */,
				81AD5FD726569AC9006930EF /* StartPeriodView.swift in Sources */,
				7B8142562652B18700D38999 /* PeriodViewModel.swift in Sources */,
				7BB6E703264D5270009EA067 /* CatCycle.xcdatamodeld in Sources */,
				81897E872655358500DCE0C1 /* AddButton.swift in Sources */,
				81AD5FD326569A55006930EF /* NameView.swift in Sources */,
				7BB6E6F9264D526F009EA067 /* ContentView.swift in Sources */,
				7BB6E6F7264D526F009EA067 /* CatCycleApp.swift in Sources */,
				034FAC872653E0880096F8CF /* SegmentControl.swift in Sources */,
				81AD5FED265BD618006930EF /* TrakingCell.swift in Sources */,
				03BC09982652A60300DEC528 /* Color.swift in Sources */,
				81897E89265559D700DCE0C1 /* OnboardingView.swift in Sources */,
				81AD5FE42657FD37006930EF /* TrackingView.swift in Sources */,
			);
			runOnlyForDeploymentPostprocessing = 0;
		};
		7BB6E705264D5271009EA067 /* Sources */ = {
			isa = PBXSourcesBuildPhase;
			buildActionMask = 2147483647;
			files = (
				7BB6E70E264D5271009EA067 /* CatCycleTests.swift in Sources */,
			);
			runOnlyForDeploymentPostprocessing = 0;
		};
		7BB6E710264D5271009EA067 /* Sources */ = {
			isa = PBXSourcesBuildPhase;
			buildActionMask = 2147483647;
			files = (
				7BB6E719264D5271009EA067 /* CatCycleUITests.swift in Sources */,
			);
			runOnlyForDeploymentPostprocessing = 0;
		};
/* End PBXSourcesBuildPhase section */

/* Begin PBXTargetDependency section */
		7B81420C2652A4E800D38999 /* PBXTargetDependency */ = {
			isa = PBXTargetDependency;
			target = 7B8142082652A4E800D38999 /* CatCycleWatch Extension */;
			targetProxy = 7B81420B2652A4E800D38999 /* PBXContainerItemProxy */;
		};
		7B8142252652A4E900D38999 /* PBXTargetDependency */ = {
			isa = PBXTargetDependency;
			target = 7B8142082652A4E800D38999 /* CatCycleWatch Extension */;
			targetProxy = 7B8142242652A4E900D38999 /* PBXContainerItemProxy */;
		};
		7B8142302652A4E900D38999 /* PBXTargetDependency */ = {
			isa = PBXTargetDependency;
			target = 7B8141FF2652A4E700D38999 /* CatCycleWatch */;
			targetProxy = 7B81422F2652A4E900D38999 /* PBXContainerItemProxy */;
		};
		7B8142362652A4E900D38999 /* PBXTargetDependency */ = {
			isa = PBXTargetDependency;
			target = 7B8141FF2652A4E700D38999 /* CatCycleWatch */;
			targetProxy = 7B8142352652A4E900D38999 /* PBXContainerItemProxy */;
		};
		7B8142472652A4FB00D38999 /* PBXTargetDependency */ = {
			isa = PBXTargetDependency;
			productRef = 7B8142462652A4FB00D38999 /* Liquid */;
		};
		7BB6E70B264D5271009EA067 /* PBXTargetDependency */ = {
			isa = PBXTargetDependency;
			target = 7BB6E6F2264D526F009EA067 /* CatCycle */;
			targetProxy = 7BB6E70A264D5271009EA067 /* PBXContainerItemProxy */;
		};
		7BB6E716264D5271009EA067 /* PBXTargetDependency */ = {
			isa = PBXTargetDependency;
			target = 7BB6E6F2264D526F009EA067 /* CatCycle */;
			targetProxy = 7BB6E715264D5271009EA067 /* PBXContainerItemProxy */;
		};
/* End PBXTargetDependency section */

/* Begin XCBuildConfiguration section */
		7B8142392652A4E900D38999 /* Debug */ = {
			isa = XCBuildConfiguration;
			buildSettings = {
				ASSETCATALOG_COMPILER_COMPLICATION_NAME = Complication;
				CODE_SIGN_STYLE = Automatic;
				DEVELOPMENT_ASSET_PATHS = "\"CatCycleWatch Extension/Preview Content\"";
				DEVELOPMENT_TEAM = 937MK3AF6X;
				ENABLE_PREVIEWS = YES;
				INFOPLIST_FILE = "CatCycleWatch Extension/Info.plist";
				LD_RUNPATH_SEARCH_PATHS = (
					"$(inherited)",
					"@executable_path/Frameworks",
					"@executable_path/../../Frameworks",
				);
				PRODUCT_BUNDLE_IDENTIFIER = com.patriciasampaiosiqueira.CatCycle.watchkitapp.watchkitextension;
				PRODUCT_NAME = "${TARGET_NAME}";
				SDKROOT = watchos;
				SKIP_INSTALL = YES;
				SWIFT_VERSION = 5.0;
				TARGETED_DEVICE_FAMILY = 4;
				WATCHOS_DEPLOYMENT_TARGET = 7.4;
			};
			name = Debug;
		};
		7B81423A2652A4E900D38999 /* Release */ = {
			isa = XCBuildConfiguration;
			buildSettings = {
				ASSETCATALOG_COMPILER_COMPLICATION_NAME = Complication;
				CODE_SIGN_STYLE = Automatic;
				DEVELOPMENT_ASSET_PATHS = "\"CatCycleWatch Extension/Preview Content\"";
				DEVELOPMENT_TEAM = 937MK3AF6X;
				ENABLE_PREVIEWS = YES;
				INFOPLIST_FILE = "CatCycleWatch Extension/Info.plist";
				LD_RUNPATH_SEARCH_PATHS = (
					"$(inherited)",
					"@executable_path/Frameworks",
					"@executable_path/../../Frameworks",
				);
				PRODUCT_BUNDLE_IDENTIFIER = com.patriciasampaiosiqueira.CatCycle.watchkitapp.watchkitextension;
				PRODUCT_NAME = "${TARGET_NAME}";
				SDKROOT = watchos;
				SKIP_INSTALL = YES;
				SWIFT_VERSION = 5.0;
				TARGETED_DEVICE_FAMILY = 4;
				WATCHOS_DEPLOYMENT_TARGET = 7.4;
			};
			name = Release;
		};
		7B81423D2652A4E900D38999 /* Debug */ = {
			isa = XCBuildConfiguration;
			buildSettings = {
				ALWAYS_EMBED_SWIFT_STANDARD_LIBRARIES = YES;
				ASSETCATALOG_COMPILER_APPICON_NAME = AppIcon;
				ASSETCATALOG_COMPILER_GLOBAL_ACCENT_COLOR_NAME = AccentColor;
				CODE_SIGN_STYLE = Automatic;
				DEVELOPMENT_TEAM = 937MK3AF6X;
				IBSC_MODULE = CatCycleWatch_Extension;
				INFOPLIST_FILE = CatCycleWatch/Info.plist;
				PRODUCT_BUNDLE_IDENTIFIER = com.patriciasampaiosiqueira.CatCycle.watchkitapp;
				PRODUCT_NAME = "$(TARGET_NAME)";
				SDKROOT = watchos;
				SKIP_INSTALL = YES;
				SWIFT_VERSION = 5.0;
				TARGETED_DEVICE_FAMILY = 4;
				WATCHOS_DEPLOYMENT_TARGET = 7.4;
			};
			name = Debug;
		};
		7B81423E2652A4E900D38999 /* Release */ = {
			isa = XCBuildConfiguration;
			buildSettings = {
				ALWAYS_EMBED_SWIFT_STANDARD_LIBRARIES = YES;
				ASSETCATALOG_COMPILER_APPICON_NAME = AppIcon;
				ASSETCATALOG_COMPILER_GLOBAL_ACCENT_COLOR_NAME = AccentColor;
				CODE_SIGN_STYLE = Automatic;
				DEVELOPMENT_TEAM = 937MK3AF6X;
				IBSC_MODULE = CatCycleWatch_Extension;
				INFOPLIST_FILE = CatCycleWatch/Info.plist;
				PRODUCT_BUNDLE_IDENTIFIER = com.patriciasampaiosiqueira.CatCycle.watchkitapp;
				PRODUCT_NAME = "$(TARGET_NAME)";
				SDKROOT = watchos;
				SKIP_INSTALL = YES;
				SWIFT_VERSION = 5.0;
				TARGETED_DEVICE_FAMILY = 4;
				WATCHOS_DEPLOYMENT_TARGET = 7.4;
			};
			name = Release;
		};
		7B8142412652A4E900D38999 /* Debug */ = {
			isa = XCBuildConfiguration;
			buildSettings = {
				ALWAYS_EMBED_SWIFT_STANDARD_LIBRARIES = YES;
				BUNDLE_LOADER = "$(TEST_HOST)";
				CODE_SIGN_STYLE = Automatic;
				DEVELOPMENT_TEAM = 937MK3AF6X;
				INFOPLIST_FILE = CatCycleWatchTests/Info.plist;
				LD_RUNPATH_SEARCH_PATHS = (
					"$(inherited)",
					"@executable_path/Frameworks",
					"@loader_path/Frameworks",
				);
				PRODUCT_BUNDLE_IDENTIFIER = com.patriciasampaiosiqueira.CatCycle.CatCycleWatchTests;
				PRODUCT_NAME = "$(TARGET_NAME)";
				SDKROOT = watchos;
				SWIFT_VERSION = 5.0;
				TARGETED_DEVICE_FAMILY = 4;
				TEST_HOST = "$(BUILT_PRODUCTS_DIR)/CatCycleWatch Extension.appex/CatCycleWatch Extension";
				WATCHOS_DEPLOYMENT_TARGET = 7.4;
			};
			name = Debug;
		};
		7B8142422652A4E900D38999 /* Release */ = {
			isa = XCBuildConfiguration;
			buildSettings = {
				ALWAYS_EMBED_SWIFT_STANDARD_LIBRARIES = YES;
				BUNDLE_LOADER = "$(TEST_HOST)";
				CODE_SIGN_STYLE = Automatic;
				DEVELOPMENT_TEAM = 937MK3AF6X;
				INFOPLIST_FILE = CatCycleWatchTests/Info.plist;
				LD_RUNPATH_SEARCH_PATHS = (
					"$(inherited)",
					"@executable_path/Frameworks",
					"@loader_path/Frameworks",
				);
				PRODUCT_BUNDLE_IDENTIFIER = com.patriciasampaiosiqueira.CatCycle.CatCycleWatchTests;
				PRODUCT_NAME = "$(TARGET_NAME)";
				SDKROOT = watchos;
				SWIFT_VERSION = 5.0;
				TARGETED_DEVICE_FAMILY = 4;
				TEST_HOST = "$(BUILT_PRODUCTS_DIR)/CatCycleWatch Extension.appex/CatCycleWatch Extension";
				WATCHOS_DEPLOYMENT_TARGET = 7.4;
			};
			name = Release;
		};
		7B8142442652A4E900D38999 /* Debug */ = {
			isa = XCBuildConfiguration;
			buildSettings = {
				CODE_SIGN_STYLE = Automatic;
				DEVELOPMENT_TEAM = 937MK3AF6X;
				INFOPLIST_FILE = CatCycleWatchUITests/Info.plist;
				LD_RUNPATH_SEARCH_PATHS = (
					"$(inherited)",
					"@executable_path/Frameworks",
					"@loader_path/Frameworks",
				);
				PRODUCT_BUNDLE_IDENTIFIER = com.patriciasampaiosiqueira.CatCycle.CatCycleWatchUITests;
				PRODUCT_NAME = "$(TARGET_NAME)";
				SDKROOT = watchos;
				SWIFT_VERSION = 5.0;
				TARGETED_DEVICE_FAMILY = 4;
				TEST_TARGET_NAME = CatCycleWatch;
				WATCHOS_DEPLOYMENT_TARGET = 7.4;
			};
			name = Debug;
		};
		7B8142452652A4E900D38999 /* Release */ = {
			isa = XCBuildConfiguration;
			buildSettings = {
				CODE_SIGN_STYLE = Automatic;
				DEVELOPMENT_TEAM = 937MK3AF6X;
				INFOPLIST_FILE = CatCycleWatchUITests/Info.plist;
				LD_RUNPATH_SEARCH_PATHS = (
					"$(inherited)",
					"@executable_path/Frameworks",
					"@loader_path/Frameworks",
				);
				PRODUCT_BUNDLE_IDENTIFIER = com.patriciasampaiosiqueira.CatCycle.CatCycleWatchUITests;
				PRODUCT_NAME = "$(TARGET_NAME)";
				SDKROOT = watchos;
				SWIFT_VERSION = 5.0;
				TARGETED_DEVICE_FAMILY = 4;
				TEST_TARGET_NAME = CatCycleWatch;
				WATCHOS_DEPLOYMENT_TARGET = 7.4;
			};
			name = Release;
		};
		7BB6E71B264D5271009EA067 /* Debug */ = {
			isa = XCBuildConfiguration;
			buildSettings = {
				ALWAYS_SEARCH_USER_PATHS = NO;
				CLANG_ANALYZER_NONNULL = YES;
				CLANG_ANALYZER_NUMBER_OBJECT_CONVERSION = YES_AGGRESSIVE;
				CLANG_CXX_LANGUAGE_STANDARD = "gnu++14";
				CLANG_CXX_LIBRARY = "libc++";
				CLANG_ENABLE_MODULES = YES;
				CLANG_ENABLE_OBJC_ARC = YES;
				CLANG_ENABLE_OBJC_WEAK = YES;
				CLANG_WARN_BLOCK_CAPTURE_AUTORELEASING = YES;
				CLANG_WARN_BOOL_CONVERSION = YES;
				CLANG_WARN_COMMA = YES;
				CLANG_WARN_CONSTANT_CONVERSION = YES;
				CLANG_WARN_DEPRECATED_OBJC_IMPLEMENTATIONS = YES;
				CLANG_WARN_DIRECT_OBJC_ISA_USAGE = YES_ERROR;
				CLANG_WARN_DOCUMENTATION_COMMENTS = YES;
				CLANG_WARN_EMPTY_BODY = YES;
				CLANG_WARN_ENUM_CONVERSION = YES;
				CLANG_WARN_INFINITE_RECURSION = YES;
				CLANG_WARN_INT_CONVERSION = YES;
				CLANG_WARN_NON_LITERAL_NULL_CONVERSION = YES;
				CLANG_WARN_OBJC_IMPLICIT_RETAIN_SELF = YES;
				CLANG_WARN_OBJC_LITERAL_CONVERSION = YES;
				CLANG_WARN_OBJC_ROOT_CLASS = YES_ERROR;
				CLANG_WARN_QUOTED_INCLUDE_IN_FRAMEWORK_HEADER = YES;
				CLANG_WARN_RANGE_LOOP_ANALYSIS = YES;
				CLANG_WARN_STRICT_PROTOTYPES = YES;
				CLANG_WARN_SUSPICIOUS_MOVE = YES;
				CLANG_WARN_UNGUARDED_AVAILABILITY = YES_AGGRESSIVE;
				CLANG_WARN_UNREACHABLE_CODE = YES;
				CLANG_WARN__DUPLICATE_METHOD_MATCH = YES;
				COPY_PHASE_STRIP = NO;
				DEBUG_INFORMATION_FORMAT = dwarf;
				ENABLE_STRICT_OBJC_MSGSEND = YES;
				ENABLE_TESTABILITY = YES;
				GCC_C_LANGUAGE_STANDARD = gnu11;
				GCC_DYNAMIC_NO_PIC = NO;
				GCC_NO_COMMON_BLOCKS = YES;
				GCC_OPTIMIZATION_LEVEL = 0;
				GCC_PREPROCESSOR_DEFINITIONS = (
					"DEBUG=1",
					"$(inherited)",
				);
				GCC_WARN_64_TO_32_BIT_CONVERSION = YES;
				GCC_WARN_ABOUT_RETURN_TYPE = YES_ERROR;
				GCC_WARN_UNDECLARED_SELECTOR = YES;
				GCC_WARN_UNINITIALIZED_AUTOS = YES_AGGRESSIVE;
				GCC_WARN_UNUSED_FUNCTION = YES;
				GCC_WARN_UNUSED_VARIABLE = YES;
				IPHONEOS_DEPLOYMENT_TARGET = 14.5;
				MTL_ENABLE_DEBUG_INFO = INCLUDE_SOURCE;
				MTL_FAST_MATH = YES;
				ONLY_ACTIVE_ARCH = YES;
				SDKROOT = iphoneos;
				SWIFT_ACTIVE_COMPILATION_CONDITIONS = DEBUG;
				SWIFT_OPTIMIZATION_LEVEL = "-Onone";
			};
			name = Debug;
		};
		7BB6E71C264D5271009EA067 /* Release */ = {
			isa = XCBuildConfiguration;
			buildSettings = {
				ALWAYS_SEARCH_USER_PATHS = NO;
				CLANG_ANALYZER_NONNULL = YES;
				CLANG_ANALYZER_NUMBER_OBJECT_CONVERSION = YES_AGGRESSIVE;
				CLANG_CXX_LANGUAGE_STANDARD = "gnu++14";
				CLANG_CXX_LIBRARY = "libc++";
				CLANG_ENABLE_MODULES = YES;
				CLANG_ENABLE_OBJC_ARC = YES;
				CLANG_ENABLE_OBJC_WEAK = YES;
				CLANG_WARN_BLOCK_CAPTURE_AUTORELEASING = YES;
				CLANG_WARN_BOOL_CONVERSION = YES;
				CLANG_WARN_COMMA = YES;
				CLANG_WARN_CONSTANT_CONVERSION = YES;
				CLANG_WARN_DEPRECATED_OBJC_IMPLEMENTATIONS = YES;
				CLANG_WARN_DIRECT_OBJC_ISA_USAGE = YES_ERROR;
				CLANG_WARN_DOCUMENTATION_COMMENTS = YES;
				CLANG_WARN_EMPTY_BODY = YES;
				CLANG_WARN_ENUM_CONVERSION = YES;
				CLANG_WARN_INFINITE_RECURSION = YES;
				CLANG_WARN_INT_CONVERSION = YES;
				CLANG_WARN_NON_LITERAL_NULL_CONVERSION = YES;
				CLANG_WARN_OBJC_IMPLICIT_RETAIN_SELF = YES;
				CLANG_WARN_OBJC_LITERAL_CONVERSION = YES;
				CLANG_WARN_OBJC_ROOT_CLASS = YES_ERROR;
				CLANG_WARN_QUOTED_INCLUDE_IN_FRAMEWORK_HEADER = YES;
				CLANG_WARN_RANGE_LOOP_ANALYSIS = YES;
				CLANG_WARN_STRICT_PROTOTYPES = YES;
				CLANG_WARN_SUSPICIOUS_MOVE = YES;
				CLANG_WARN_UNGUARDED_AVAILABILITY = YES_AGGRESSIVE;
				CLANG_WARN_UNREACHABLE_CODE = YES;
				CLANG_WARN__DUPLICATE_METHOD_MATCH = YES;
				COPY_PHASE_STRIP = NO;
				DEBUG_INFORMATION_FORMAT = "dwarf-with-dsym";
				ENABLE_NS_ASSERTIONS = NO;
				ENABLE_STRICT_OBJC_MSGSEND = YES;
				GCC_C_LANGUAGE_STANDARD = gnu11;
				GCC_NO_COMMON_BLOCKS = YES;
				GCC_WARN_64_TO_32_BIT_CONVERSION = YES;
				GCC_WARN_ABOUT_RETURN_TYPE = YES_ERROR;
				GCC_WARN_UNDECLARED_SELECTOR = YES;
				GCC_WARN_UNINITIALIZED_AUTOS = YES_AGGRESSIVE;
				GCC_WARN_UNUSED_FUNCTION = YES;
				GCC_WARN_UNUSED_VARIABLE = YES;
				IPHONEOS_DEPLOYMENT_TARGET = 14.5;
				MTL_ENABLE_DEBUG_INFO = NO;
				MTL_FAST_MATH = YES;
				SDKROOT = iphoneos;
				SWIFT_COMPILATION_MODE = wholemodule;
				SWIFT_OPTIMIZATION_LEVEL = "-O";
				VALIDATE_PRODUCT = YES;
			};
			name = Release;
		};
		7BB6E71E264D5271009EA067 /* Debug */ = {
			isa = XCBuildConfiguration;
			buildSettings = {
				ASSETCATALOG_COMPILER_APPICON_NAME = AppIcon;
				ASSETCATALOG_COMPILER_GLOBAL_ACCENT_COLOR_NAME = AccentColor;
				CODE_SIGN_STYLE = Automatic;
				DEVELOPMENT_ASSET_PATHS = "\"CatCycle/Preview Content\"";
				DEVELOPMENT_TEAM = 937MK3AF6X;
				ENABLE_PREVIEWS = YES;
				INFOPLIST_FILE = CatCycle/Info.plist;
				IPHONEOS_DEPLOYMENT_TARGET = 14.0;
				LD_RUNPATH_SEARCH_PATHS = (
					"$(inherited)",
					"@executable_path/Frameworks",
				);
				PRODUCT_BUNDLE_IDENTIFIER = com.patriciasampaiosiqueira.CatCycle;
				PRODUCT_NAME = "$(TARGET_NAME)";
				SWIFT_VERSION = 5.0;
				TARGETED_DEVICE_FAMILY = "1,2";
			};
			name = Debug;
		};
		7BB6E71F264D5271009EA067 /* Release */ = {
			isa = XCBuildConfiguration;
			buildSettings = {
				ASSETCATALOG_COMPILER_APPICON_NAME = AppIcon;
				ASSETCATALOG_COMPILER_GLOBAL_ACCENT_COLOR_NAME = AccentColor;
				CODE_SIGN_STYLE = Automatic;
				DEVELOPMENT_ASSET_PATHS = "\"CatCycle/Preview Content\"";
				DEVELOPMENT_TEAM = 937MK3AF6X;
				ENABLE_PREVIEWS = YES;
				INFOPLIST_FILE = CatCycle/Info.plist;
				IPHONEOS_DEPLOYMENT_TARGET = 14.0;
				LD_RUNPATH_SEARCH_PATHS = (
					"$(inherited)",
					"@executable_path/Frameworks",
				);
				PRODUCT_BUNDLE_IDENTIFIER = com.patriciasampaiosiqueira.CatCycle;
				PRODUCT_NAME = "$(TARGET_NAME)";
				SWIFT_VERSION = 5.0;
				TARGETED_DEVICE_FAMILY = "1,2";
			};
			name = Release;
		};
		7BB6E721264D5271009EA067 /* Debug */ = {
			isa = XCBuildConfiguration;
			buildSettings = {
				ALWAYS_EMBED_SWIFT_STANDARD_LIBRARIES = YES;
				BUNDLE_LOADER = "$(TEST_HOST)";
				CODE_SIGN_STYLE = Automatic;
				DEVELOPMENT_TEAM = 937MK3AF6X;
				INFOPLIST_FILE = CatCycleTests/Info.plist;
				IPHONEOS_DEPLOYMENT_TARGET = 14.0;
				LD_RUNPATH_SEARCH_PATHS = (
					"$(inherited)",
					"@executable_path/Frameworks",
					"@loader_path/Frameworks",
				);
				PRODUCT_BUNDLE_IDENTIFIER = com.patriciasampaiosiqueira.CatCycleTests;
				PRODUCT_NAME = "$(TARGET_NAME)";
				SWIFT_VERSION = 5.0;
				TARGETED_DEVICE_FAMILY = "1,2";
				TEST_HOST = "$(BUILT_PRODUCTS_DIR)/CatCycle.app/CatCycle";
			};
			name = Debug;
		};
		7BB6E722264D5271009EA067 /* Release */ = {
			isa = XCBuildConfiguration;
			buildSettings = {
				ALWAYS_EMBED_SWIFT_STANDARD_LIBRARIES = YES;
				BUNDLE_LOADER = "$(TEST_HOST)";
				CODE_SIGN_STYLE = Automatic;
				DEVELOPMENT_TEAM = 937MK3AF6X;
				INFOPLIST_FILE = CatCycleTests/Info.plist;
				IPHONEOS_DEPLOYMENT_TARGET = 14.0;
				LD_RUNPATH_SEARCH_PATHS = (
					"$(inherited)",
					"@executable_path/Frameworks",
					"@loader_path/Frameworks",
				);
				PRODUCT_BUNDLE_IDENTIFIER = com.patriciasampaiosiqueira.CatCycleTests;
				PRODUCT_NAME = "$(TARGET_NAME)";
				SWIFT_VERSION = 5.0;
				TARGETED_DEVICE_FAMILY = "1,2";
				TEST_HOST = "$(BUILT_PRODUCTS_DIR)/CatCycle.app/CatCycle";
			};
			name = Release;
		};
		7BB6E724264D5271009EA067 /* Debug */ = {
			isa = XCBuildConfiguration;
			buildSettings = {
				ALWAYS_EMBED_SWIFT_STANDARD_LIBRARIES = YES;
				CODE_SIGN_STYLE = Automatic;
				DEVELOPMENT_TEAM = 937MK3AF6X;
				INFOPLIST_FILE = CatCycleUITests/Info.plist;
				LD_RUNPATH_SEARCH_PATHS = (
					"$(inherited)",
					"@executable_path/Frameworks",
					"@loader_path/Frameworks",
				);
				PRODUCT_BUNDLE_IDENTIFIER = com.patriciasampaiosiqueira.CatCycleUITests;
				PRODUCT_NAME = "$(TARGET_NAME)";
				SWIFT_VERSION = 5.0;
				TARGETED_DEVICE_FAMILY = "1,2";
				TEST_TARGET_NAME = CatCycle;
			};
			name = Debug;
		};
		7BB6E725264D5271009EA067 /* Release */ = {
			isa = XCBuildConfiguration;
			buildSettings = {
				ALWAYS_EMBED_SWIFT_STANDARD_LIBRARIES = YES;
				CODE_SIGN_STYLE = Automatic;
				DEVELOPMENT_TEAM = 937MK3AF6X;
				INFOPLIST_FILE = CatCycleUITests/Info.plist;
				LD_RUNPATH_SEARCH_PATHS = (
					"$(inherited)",
					"@executable_path/Frameworks",
					"@loader_path/Frameworks",
				);
				PRODUCT_BUNDLE_IDENTIFIER = com.patriciasampaiosiqueira.CatCycleUITests;
				PRODUCT_NAME = "$(TARGET_NAME)";
				SWIFT_VERSION = 5.0;
				TARGETED_DEVICE_FAMILY = "1,2";
				TEST_TARGET_NAME = CatCycle;
			};
			name = Release;
		};
/* End XCBuildConfiguration section */

/* Begin XCConfigurationList section */
		7B8142382652A4E900D38999 /* Build configuration list for PBXNativeTarget "CatCycleWatch Extension" */ = {
			isa = XCConfigurationList;
			buildConfigurations = (
				7B8142392652A4E900D38999 /* Debug */,
				7B81423A2652A4E900D38999 /* Release */,
			);
			defaultConfigurationIsVisible = 0;
			defaultConfigurationName = Release;
		};
		7B81423C2652A4E900D38999 /* Build configuration list for PBXNativeTarget "CatCycleWatch" */ = {
			isa = XCConfigurationList;
			buildConfigurations = (
				7B81423D2652A4E900D38999 /* Debug */,
				7B81423E2652A4E900D38999 /* Release */,
			);
			defaultConfigurationIsVisible = 0;
			defaultConfigurationName = Release;
		};
		7B8142402652A4E900D38999 /* Build configuration list for PBXNativeTarget "CatCycleWatchTests" */ = {
			isa = XCConfigurationList;
			buildConfigurations = (
				7B8142412652A4E900D38999 /* Debug */,
				7B8142422652A4E900D38999 /* Release */,
			);
			defaultConfigurationIsVisible = 0;
			defaultConfigurationName = Release;
		};
		7B8142432652A4E900D38999 /* Build configuration list for PBXNativeTarget "CatCycleWatchUITests" */ = {
			isa = XCConfigurationList;
			buildConfigurations = (
				7B8142442652A4E900D38999 /* Debug */,
				7B8142452652A4E900D38999 /* Release */,
			);
			defaultConfigurationIsVisible = 0;
			defaultConfigurationName = Release;
		};
		7BB6E6EE264D526F009EA067 /* Build configuration list for PBXProject "CatCycle" */ = {
			isa = XCConfigurationList;
			buildConfigurations = (
				7BB6E71B264D5271009EA067 /* Debug */,
				7BB6E71C264D5271009EA067 /* Release */,
			);
			defaultConfigurationIsVisible = 0;
			defaultConfigurationName = Release;
		};
		7BB6E71D264D5271009EA067 /* Build configuration list for PBXNativeTarget "CatCycle" */ = {
			isa = XCConfigurationList;
			buildConfigurations = (
				7BB6E71E264D5271009EA067 /* Debug */,
				7BB6E71F264D5271009EA067 /* Release */,
			);
			defaultConfigurationIsVisible = 0;
			defaultConfigurationName = Release;
		};
		7BB6E720264D5271009EA067 /* Build configuration list for PBXNativeTarget "CatCycleTests" */ = {
			isa = XCConfigurationList;
			buildConfigurations = (
				7BB6E721264D5271009EA067 /* Debug */,
				7BB6E722264D5271009EA067 /* Release */,
			);
			defaultConfigurationIsVisible = 0;
			defaultConfigurationName = Release;
		};
		7BB6E723264D5271009EA067 /* Build configuration list for PBXNativeTarget "CatCycleUITests" */ = {
			isa = XCConfigurationList;
			buildConfigurations = (
				7BB6E724264D5271009EA067 /* Debug */,
				7BB6E725264D5271009EA067 /* Release */,
			);
			defaultConfigurationIsVisible = 0;
			defaultConfigurationName = Release;
		};
/* End XCConfigurationList section */

/* Begin XCRemoteSwiftPackageReference section */
		7B8141FB2652A44600D38999 /* XCRemoteSwiftPackageReference "liquid" */ = {
			isa = XCRemoteSwiftPackageReference;
			repositoryURL = "https://github.com/patysiq/liquid";
			requirement = {
				branch = master;
				kind = branch;
			};
		};
/* End XCRemoteSwiftPackageReference section */

/* Begin XCSwiftPackageProductDependency section */
		7B8141FC2652A44600D38999 /* Liquid */ = {
			isa = XCSwiftPackageProductDependency;
			package = 7B8141FB2652A44600D38999 /* XCRemoteSwiftPackageReference "liquid" */;
			productName = Liquid;
		};
		7B8142462652A4FB00D38999 /* Liquid */ = {
			isa = XCSwiftPackageProductDependency;
			package = 7B8141FB2652A44600D38999 /* XCRemoteSwiftPackageReference "liquid" */;
			productName = Liquid;
		};
		7B81425B2653DE3C00D38999 /* Liquid */ = {
			isa = XCSwiftPackageProductDependency;
			package = 7B8141FB2652A44600D38999 /* XCRemoteSwiftPackageReference "liquid" */;
			productName = Liquid;
		};
/* End XCSwiftPackageProductDependency section */

/* Begin XCVersionGroup section */
		7BB6E701264D5270009EA067 /* CatCycle.xcdatamodeld */ = {
			isa = XCVersionGroup;
			children = (
				7BB6E702264D5270009EA067 /* CatCycle.xcdatamodel */,
			);
			currentVersion = 7BB6E702264D5270009EA067 /* CatCycle.xcdatamodel */;
			path = CatCycle.xcdatamodeld;
			sourceTree = "<group>";
			versionGroupType = wrapper.xcdatamodel;
		};
/* End XCVersionGroup section */
	};
	rootObject = 7BB6E6EB264D526F009EA067 /* Project object */;
}
